{
  "version": 4,
  "terraform_version": "1.9.8",
  "serial": 3590,
  "lineage": "e6f945ee-93ff-845f-486e-29bed343e42d",
  "outputs": {},
  "resources": [
    {
      "mode": "managed",
      "type": "aws_acm_certificate",
      "name": "Certificado_web",
      "provider": "provider[\"registry.terraform.io/hashicorp/aws\"]",
      "instances": [
        {
          "schema_version": 0,
          "attributes": {
            "arn": "arn:aws:acm:us-east-1:440744220049:certificate/6a2cb772-071f-4e9a-9b81-766de468f24c",
            "certificate_authority_arn": "",
            "certificate_body": "-----BEGIN CERTIFICATE-----\r\nMIIDszCCApugAwIBAgIULNnRav86/pT5cE5i/2F1yMdxNsowDQYJKoZIhvcNAQEL\r\nBQAwaTELMAkGA1UEBhMCZWYxCzAJBgNVBAgMAmRlMQswCQYDVQQHDAJkZTELMAkG\r\nA1UECgwCZWQxCzAJBgNVBAsMAmVkMRMwEQYDVQQDDApsYWJhbGUuY29tMREwDwYJ\r\nKoZIhvcNAQkBFgJhczAeFw0yNDExMDgxNzU0MDJaFw0yNTExMDgxNzU0MDJaMGkx\r\nCzAJBgNVBAYTAmVmMQswCQYDVQQIDAJkZTELMAkGA1UEBwwCZGUxCzAJBgNVBAoM\r\nAmVkMQswCQYDVQQLDAJlZDETMBEGA1UEAwwKbGFiYWxlLmNvbTERMA8GCSqGSIb3\r\nDQEJARYCYXMwggEiMA0GCSqGSIb3DQEBAQUAA4IBDwAwggEKAoIBAQDqMiJAln6r\r\nTz2INRHdHrNXfB2KaPx91PEo7XbeMobL0GjjbX6EXwQQZB2OmkxdUY9LeMx+5sq6\r\nR6Eo2h9bz2C12Wxvdi9iGans/71X0APSuAsIqSjf9r97cE+F8vCv2zJbMQcc/cfa\r\n5JywsTOhC8PERVzDpmmGDcaIlNJIIxz7sNZB+zaOTjL6NtTBhmRFDkRrJpG9oCPB\r\nBUe+/Gv3nL7HhGmFRoOyX6LG8x0M8rJTopsMUo1hRGIF5LcBXkScIc9yVS2ukq8W\r\nTMAnm71gYdQUpDDcePNXliiX//ryOgaUl3w60cqzgNOxh8xj1oSkesieJcaP2PsC\r\nR2pI9fw83zX5AgMBAAGjUzBRMB0GA1UdDgQWBBQmVuG7VOS4I3TSfkASTM4Dqx0N\r\n+DAfBgNVHSMEGDAWgBQmVuG7VOS4I3TSfkASTM4Dqx0N+DAPBgNVHRMBAf8EBTAD\r\nAQH/MA0GCSqGSIb3DQEBCwUAA4IBAQBoSoiGWmOQjJpibgLMM2XgT9ax/5MWuQxs\r\n8aGqRthbb+/NpJUIzs6Gil7e0EVtnQTg6PzBDvbmKdGLtQtbtpqlBEJ+prBaQjZ1\r\n2X3ren3AJINjao+IPHfVYmCloS7+v8reBnlCl4xFn59TQbBOgNxBQbYcfUlxG326\r\nu5KvjSIgiz66lASGemPRExTcwk1TKy+W7D31a7bF6NsdWck4aA2tJLNO1CrCfdFL\r\nZTTcuGAgDv3YFdtDOOhns06IswFrbYHeTXNbE96SFTt6xLFyacpvuT3dbMks+GhL\r\noowju9QOLpwQJbS3Q6aNCggy8Xy0NbnNZvkQZJ951DEaKnL7QLAB\r\n-----END CERTIFICATE-----",
            "certificate_chain": null,
            "domain_name": "labale.com",
            "domain_validation_options": [],
            "early_renewal_duration": "",
            "id": "arn:aws:acm:us-east-1:440744220049:certificate/6a2cb772-071f-4e9a-9b81-766de468f24c",
            "key_algorithm": "RSA_2048",
            "not_after": "2025-11-08T17:54:02Z",
            "not_before": "2024-11-08T17:54:02Z",
            "options": [
              {
                "certificate_transparency_logging_preference": "DISABLED"
              }
            ],
            "pending_renewal": false,
            "private_key": "  GNU nano 6.2                                            clave.pem                                                     -----BEGIN PRIVATE KEY-----\r\nMIIEvQIBADANBgkqhkiG9w0BAQEFAASCBKcwggSjAgEAAoIBAQDqMiJAln6rTz2I\r\nNRHdHrNXfB2KaPx91PEo7XbeMobL0GjjbX6EXwQQZB2OmkxdUY9LeMx+5sq6R6Eo\r\n2h9bz2C12Wxvdi9iGans/71X0APSuAsIqSjf9r97cE+F8vCv2zJbMQcc/cfa5Jyw\r\nsTOhC8PERVzDpmmGDcaIlNJIIxz7sNZB+zaOTjL6NtTBhmRFDkRrJpG9oCPBBUe+\r\n/Gv3nL7HhGmFRoOyX6LG8x0M8rJTopsMUo1hRGIF5LcBXkScIc9yVS2ukq8WTMAn\r\nm71gYdQUpDDcePNXliiX//ryOgaUl3w60cqzgNOxh8xj1oSkesieJcaP2PsCR2pI\r\n9fw83zX5AgMBAAECggEAA2L93HZL4JbeiZm73dLbDm0xIUTlcgpKTpiItYvTp9hs\r\nrEcTc1JYIcamDnkXTBB5GVYtPeB0Rs3KbBrwZTPD5VYemgnvXQevB1CtvvQqZzAQ\r\nZi8J2pt4vcFPZkn2HOyEB0fRMqQ0XhgPfVCIseyuJ27TczeObKXGTNThg0r+GRRY\r\nq6gfABEHDKaQpP62UAkCLwiilnlL5EhXXZGlgBeDnVg5YHOWxhij4bRi3RfwTEy8\r\nhyxdwhxB/3MCsp21djBtwBXmTaYwfNYN0LTE2aYWSt/17fSjqLzLQ8G78RM46D0m\r\ngCALzuXdKV1+x1/KgSaV1wpXvVdRpr8FU6BbIvVbwQKBgQDuWv4FS9nPoW5t42jN\r\nYbdnszG65oA57r29UIq647uQHD+NtMhiXODEnsJrOLXrN2uJKA37aewOUr7dxtdu\r\nzwiR+Ek1xcAVDqLbs1hqi0eF+Fl3dISSoGBQB43Z6KfZ1QhZD80i8VukNBpSqOHo\r\nL1DSkMrvSJHxGk78aJ8D0qXpuQKBgQD7iFBk+IPgDA7Uj5b5B8JkXlNH825I3nWw\r\n/QYlDpu9Q2dmuwHSFafS9IShMfLH0M7zgB9I9zZe3gwndjwuCxgHBfnYqCao9fBy\r\nj9VC4ITPK7+qPbyGwUIKk6yQM/gp4cnBpA9j7QxFZUbq27j3sW/zroG1vZaGEdi8\r\n5p4ymgzOQQKBgQDpszu286zmwDAm/D6oiPOrcG4FA7Wbl7JfqVWscldXr+q8RRHo\r\nJ4qWHdcgC+WKb7c3Lpeu9ybk0Eql5i0aT1Hm1Rrq5y4zNzuE0C6ToGYLO/p0fkDy\r\nBt8H+LAjhNL2aMKbmDuY1C73K8LXYxDEd4f2PNNMk8nMLPBe2TF4LRRRuQKBgDc8\r\noCsMSCmTfE5Bmi3l/lJ8RF2wn69w6veLGSZaJulRPAvbVXMFPm2dNOMRTPeEa24d\r\n3MDxSQdcS97+oAicdxJTxaJGivbfy4XdAEBHfeLhAJ4qIJSXLCGWfHbOctj/tIbJ\r\nuHeBPwieTQyWY/BBDwy8bc+zarLWiHozStph6h4BAoGAGwSiUNGAA/WubdfcC4h2\r\nhDb7f4uNbAgfS0u/wrWgOyP7q5hy5IG6pAnEe1rl0lXIM4+lEdP8ol1JYCKUyadC\r\nSxQPsN/ITmAzXOdOlioie2ES77d3pF4vnMTCa2xDSo7KZWrezz/7hhT6Kz9W8JT+\r\nmENXFD9aVQbnk0ydD6QDz4s=\r\n-----END PRIVATE KEY-----",
            "renewal_eligibility": "INELIGIBLE",
            "renewal_summary": [],
            "status": "ISSUED",
            "subject_alternative_names": [
              "labale.com"
            ],
            "tags": {
              "Dev": "Alejandro",
              "Env": "Lab4",
              "Name": "joomla-cdn"
            },
            "tags_all": {
              "Dev": "Alejandro",
              "Env": "Lab4",
              "Name": "joomla-cdn"
            },
            "type": "IMPORTED",
            "validation_emails": [],
            "validation_method": "NONE",
            "validation_option": []
          },
          "sensitive_attributes": [
            [
              {
                "type": "get_attr",
                "value": "private_key"
              }
            ]
          ],
          "private": "bnVsbA=="
        }
      ]
    },
    {
      "mode": "managed",
      "type": "aws_autoscaling_group",
      "name": "web_asg",
      "provider": "provider[\"registry.terraform.io/hashicorp/aws\"]",
      "instances": [
        {
          "schema_version": 1,
          "attributes": {
            "arn": "arn:aws:autoscaling:us-east-1:440744220049:autoScalingGroup:c4d0d65b-cb7e-46cf-81f9-93125ea18d83:autoScalingGroupName/terraform-20241108165658061500000006",
            "availability_zones": [
              "us-east-1a",
              "us-east-1b"
            ],
            "capacity_rebalance": false,
            "context": "",
            "default_cooldown": 300,
            "default_instance_warmup": 0,
            "desired_capacity": 1,
            "desired_capacity_type": "",
            "enabled_metrics": [],
            "force_delete": false,
            "force_delete_warm_pool": false,
            "health_check_grace_period": 300,
            "health_check_type": "EC2",
            "id": "terraform-20241108165658061500000006",
            "ignore_failed_scaling_activities": false,
            "initial_lifecycle_hook": [],
            "instance_maintenance_policy": [],
            "instance_refresh": [],
            "launch_configuration": "",
            "launch_template": [
              {
                "id": "lt-07f11aed65ec56b89",
                "name": "web-app-template",
                "version": "$Latest"
              }
            ],
            "load_balancers": [],
            "max_instance_lifetime": 0,
            "max_size": 1,
            "metrics_granularity": "1Minute",
            "min_elb_capacity": null,
            "min_size": 1,
            "mixed_instances_policy": [],
            "name": "terraform-20241108165658061500000006",
            "name_prefix": "terraform-",
            "placement_group": "",
            "predicted_capacity": 0,
            "protect_from_scale_in": false,
            "service_linked_role_arn": "arn:aws:iam::440744220049:role/aws-service-role/autoscaling.amazonaws.com/AWSServiceRoleForAutoScaling",
            "suspended_processes": [],
            "tag": [
              {
                "key": "Name",
                "propagate_at_launch": true,
                "value": "web-instance"
              }
            ],
            "target_group_arns": [
              "arn:aws:elasticloadbalancing:us-east-1:440744220049:targetgroup/external-tg-https/75ac18e4e6031ea4",
              "arn:aws:elasticloadbalancing:us-east-1:440744220049:targetgroup/internal-tg-https/b54074f1d91825f4"
            ],
            "termination_policies": [],
            "timeouts": null,
            "traffic_source": [
              {
                "identifier": "arn:aws:elasticloadbalancing:us-east-1:440744220049:targetgroup/external-tg-https/75ac18e4e6031ea4",
                "type": "elbv2"
              },
              {
                "identifier": "arn:aws:elasticloadbalancing:us-east-1:440744220049:targetgroup/internal-tg-https/b54074f1d91825f4",
                "type": "elbv2"
              }
            ],
            "vpc_zone_identifier": [
              "subnet-05d9cad690e736f43",
              "subnet-07461d4ff99ce0fbd"
            ],
            "wait_for_capacity_timeout": "10m",
            "wait_for_elb_capacity": null,
            "warm_pool": [],
            "warm_pool_size": 0
          },
          "sensitive_attributes": [],
          "private": "eyJlMmJmYjczMC1lY2FhLTExZTYtOGY4OC0zNDM2M2JjN2M0YzAiOnsiZGVsZXRlIjo2MDAwMDAwMDAwMDAsInVwZGF0ZSI6NjAwMDAwMDAwMDAwfSwic2NoZW1hX3ZlcnNpb24iOiIxIn0=",
          "dependencies": [
            "aws_iam_instance_profile.ssm_instance_profile",
            "aws_launch_template.web",
            "aws_lb_target_group.external_tg_https",
            "aws_lb_target_group.internal_tg_https",
            "aws_security_group.alb_external",
            "aws_security_group.web",
            "aws_subnet.private_a",
            "aws_subnet.private_b",
            "aws_vpc.main"
          ]
        }
      ]
    },
    {
      "mode": "managed",
      "type": "aws_autoscaling_policy",
      "name": "scale_in",
      "provider": "provider[\"registry.terraform.io/hashicorp/aws\"]",
      "instances": [
        {
          "schema_version": 0,
          "attributes": {
            "adjustment_type": "ChangeInCapacity",
            "arn": "arn:aws:autoscaling:us-east-1:440744220049:scalingPolicy:03333529-0be8-4def-8b95-201e8c756fb2:autoScalingGroupName/terraform-20241108165658061500000006:policyName/scale-in",
            "autoscaling_group_name": "terraform-20241108165658061500000006",
            "cooldown": 0,
            "enabled": true,
            "estimated_instance_warmup": 0,
            "id": "scale-in",
            "metric_aggregation_type": "",
            "min_adjustment_magnitude": 0,
            "name": "scale-in",
            "policy_type": "SimpleScaling",
            "predictive_scaling_configuration": [],
            "scaling_adjustment": -1,
            "step_adjustment": [],
            "target_tracking_configuration": []
          },
          "sensitive_attributes": [],
          "private": "bnVsbA==",
          "dependencies": [
            "aws_autoscaling_group.web_asg",
            "aws_iam_instance_profile.ssm_instance_profile",
            "aws_launch_template.web",
            "aws_lb_target_group.external_tg_https",
            "aws_lb_target_group.internal_tg_https",
            "aws_security_group.alb_external",
            "aws_security_group.web",
            "aws_subnet.private_a",
            "aws_subnet.private_b",
            "aws_vpc.main"
          ]
        }
      ]
    },
    {
      "mode": "managed",
      "type": "aws_autoscaling_policy",
      "name": "scale_out",
      "provider": "provider[\"registry.terraform.io/hashicorp/aws\"]",
      "instances": [
        {
          "schema_version": 0,
          "attributes": {
            "adjustment_type": "ChangeInCapacity",
            "arn": "arn:aws:autoscaling:us-east-1:440744220049:scalingPolicy:24990b99-3fdc-4aa4-9278-541b13b87e35:autoScalingGroupName/terraform-20241108165658061500000006:policyName/scale-out",
            "autoscaling_group_name": "terraform-20241108165658061500000006",
            "cooldown": 0,
            "enabled": true,
            "estimated_instance_warmup": 0,
            "id": "scale-out",
            "metric_aggregation_type": "",
            "min_adjustment_magnitude": 0,
            "name": "scale-out",
            "policy_type": "SimpleScaling",
            "predictive_scaling_configuration": [],
            "scaling_adjustment": 1,
            "step_adjustment": [],
            "target_tracking_configuration": []
          },
          "sensitive_attributes": [],
          "private": "bnVsbA==",
          "dependencies": [
            "aws_autoscaling_group.web_asg",
            "aws_iam_instance_profile.ssm_instance_profile",
            "aws_launch_template.web",
            "aws_lb_target_group.external_tg_https",
            "aws_lb_target_group.internal_tg_https",
            "aws_security_group.alb_external",
            "aws_security_group.web",
            "aws_subnet.private_a",
            "aws_subnet.private_b",
            "aws_vpc.main"
          ]
        }
      ]
    },
    {
      "mode": "managed",
      "type": "aws_cloudfront_distribution",
      "name": "cdn",
      "provider": "provider[\"registry.terraform.io/hashicorp/aws\"]",
      "instances": [
        {
          "schema_version": 1,
          "attributes": {
            "aliases": [],
            "arn": "arn:aws:cloudfront::440744220049:distribution/EI73KNSE49VRK",
            "caller_reference": "terraform-20241108165633629700000003",
            "comment": null,
            "continuous_deployment_policy_id": "",
            "custom_error_response": [],
            "default_cache_behavior": [
              {
                "allowed_methods": [
                  "DELETE",
                  "GET",
                  "HEAD",
                  "OPTIONS",
                  "PATCH",
                  "POST",
                  "PUT"
                ],
                "cache_policy_id": "",
                "cached_methods": [
                  "GET",
                  "HEAD"
                ],
                "compress": false,
                "default_ttl": 86400,
                "field_level_encryption_id": "",
                "forwarded_values": [
                  {
                    "cookies": [
                      {
                        "forward": "none",
                        "whitelisted_names": []
                      }
                    ],
                    "headers": [],
                    "query_string": false,
                    "query_string_cache_keys": []
                  }
                ],
                "function_association": [],
                "lambda_function_association": [],
                "max_ttl": 31536000,
                "min_ttl": 0,
                "origin_request_policy_id": "",
                "realtime_log_config_arn": "",
                "response_headers_policy_id": "",
                "smooth_streaming": false,
                "target_origin_id": "app-origin",
                "trusted_key_groups": [],
                "trusted_signers": [],
                "viewer_protocol_policy": "redirect-to-https"
              }
            ],
            "default_root_object": "index.html",
            "domain_name": "d1c3l5pvhjz33y.cloudfront.net",
            "enabled": true,
            "etag": "E20KAYV6VTCAKW",
            "hosted_zone_id": "Z2FDTNDATAQYW2",
            "http_version": "http2",
            "id": "EI73KNSE49VRK",
            "in_progress_validation_batches": 0,
            "is_ipv6_enabled": true,
            "last_modified_time": "2024-11-08 16:54:52.566 +0000 UTC",
            "logging_config": [],
            "ordered_cache_behavior": [],
            "origin": [
              {
                "connection_attempts": 3,
                "connection_timeout": 10,
                "custom_header": [],
                "custom_origin_config": [
                  {
                    "http_port": 80,
                    "https_port": 443,
                    "origin_keepalive_timeout": 5,
                    "origin_protocol_policy": "https-only",
                    "origin_read_timeout": 30,
                    "origin_ssl_protocols": [
                      "TLSv1",
                      "TLSv1.1",
                      "TLSv1.2"
                    ]
                  }
                ],
                "domain_name": "labAle.com",
                "origin_access_control_id": "",
                "origin_id": "app-origin",
                "origin_path": "",
                "origin_shield": [],
                "s3_origin_config": []
              }
            ],
            "origin_group": [],
            "price_class": "PriceClass_All",
            "restrictions": [
              {
                "geo_restriction": [
                  {
                    "locations": [],
                    "restriction_type": "none"
                  }
                ]
              }
            ],
            "retain_on_delete": false,
            "staging": false,
            "status": "Deployed",
            "tags": {
              "Dev": "Alejandro",
              "Env": "Lab4",
              "Name": "joomla-cdn"
            },
            "tags_all": {
              "Dev": "Alejandro",
              "Env": "Lab4",
              "Name": "joomla-cdn"
            },
            "trusted_key_groups": [
              {
                "enabled": false,
                "items": []
              }
            ],
            "trusted_signers": [
              {
                "enabled": false,
                "items": []
              }
            ],
            "viewer_certificate": [
              {
                "acm_certificate_arn": "",
                "cloudfront_default_certificate": true,
                "iam_certificate_id": "",
                "minimum_protocol_version": "TLSv1",
                "ssl_support_method": ""
              }
            ],
            "wait_for_deployment": true,
            "web_acl_id": ""
          },
          "sensitive_attributes": [],
          "private": "eyJzY2hlbWFfdmVyc2lvbiI6IjEifQ=="
        }
      ]
    },
    {
      "mode": "managed",
      "type": "aws_db_instance",
      "name": "default",
      "provider": "provider[\"registry.terraform.io/hashicorp/aws\"]",
      "instances": [
        {
          "schema_version": 2,
          "attributes": {
            "address": "joomla-db.chcgi0qssj9q.us-east-1.rds.amazonaws.com",
            "allocated_storage": 20,
            "allow_major_version_upgrade": null,
            "apply_immediately": false,
            "arn": "arn:aws:rds:us-east-1:440744220049:db:joomla-db",
            "auto_minor_version_upgrade": true,
            "availability_zone": "us-east-1b",
            "backup_retention_period": 0,
            "backup_target": "region",
            "backup_window": "07:32-08:02",
            "blue_green_update": [],
            "ca_cert_identifier": "rds-ca-rsa2048-g1",
            "character_set_name": "",
            "copy_tags_to_snapshot": false,
            "custom_iam_instance_profile": "",
            "customer_owned_ip_enabled": false,
            "db_name": "joomla",
            "db_subnet_group_name": "joomla-db-subnet-group",
            "dedicated_log_volume": false,
            "delete_automated_backups": true,
            "deletion_protection": false,
            "domain": "",
            "domain_auth_secret_arn": "",
            "domain_dns_ips": [],
            "domain_fqdn": "",
            "domain_iam_role_name": "",
            "domain_ou": "",
            "enabled_cloudwatch_logs_exports": [],
            "endpoint": "joomla-db.chcgi0qssj9q.us-east-1.rds.amazonaws.com:5432",
            "engine": "postgres",
            "engine_lifecycle_support": "open-source-rds-extended-support",
            "engine_version": "16.3",
            "engine_version_actual": "16.3",
            "final_snapshot_identifier": null,
            "hosted_zone_id": "Z2R2ITUGPM61AM",
            "iam_database_authentication_enabled": false,
            "id": "db-RDDHLI6PCBPPJZ3VUW6OUPIJ6U",
            "identifier": "joomla-db",
            "identifier_prefix": "",
            "instance_class": "db.t3.micro",
            "iops": 0,
            "kms_key_id": "",
            "latest_restorable_time": "",
            "license_model": "postgresql-license",
            "listener_endpoint": [],
            "maintenance_window": "sat:05:57-sat:06:27",
            "manage_master_user_password": null,
            "master_user_secret": [],
            "master_user_secret_kms_key_id": null,
            "max_allocated_storage": 0,
            "monitoring_interval": 0,
            "monitoring_role_arn": "",
            "multi_az": false,
            "nchar_character_set_name": "",
            "network_type": "IPV4",
            "option_group_name": "default:postgres-16",
            "parameter_group_name": "default.postgres16",
            "password": "dbadmin1234",
            "performance_insights_enabled": false,
            "performance_insights_kms_key_id": "",
            "performance_insights_retention_period": 0,
            "port": 5432,
            "publicly_accessible": false,
            "replica_mode": "",
            "replicas": [],
            "replicate_source_db": "",
            "resource_id": "db-RDDHLI6PCBPPJZ3VUW6OUPIJ6U",
            "restore_to_point_in_time": [],
            "s3_import": [],
            "skip_final_snapshot": true,
            "snapshot_identifier": null,
            "status": "available",
            "storage_encrypted": false,
            "storage_throughput": 0,
            "storage_type": "gp2",
            "tags": {
              "Dev": "Alejandro",
              "Env": "Lab4",
              "Name": "vpc-lab4"
            },
            "tags_all": {
              "Dev": "Alejandro",
              "Env": "Lab4",
              "Name": "vpc-lab4"
            },
            "timeouts": null,
            "timezone": "",
            "upgrade_storage_config": null,
            "username": "dbadmin",
            "vpc_security_group_ids": [
              "sg-05ab9ffeb2f472f75"
            ]
          },
          "sensitive_attributes": [
            [
              {
                "type": "get_attr",
                "value": "password"
              }
            ]
          ],
          "private": "eyJlMmJmYjczMC1lY2FhLTExZTYtOGY4OC0zNDM2M2JjN2M0YzAiOnsiY3JlYXRlIjoyNDAwMDAwMDAwMDAwLCJkZWxldGUiOjM2MDAwMDAwMDAwMDAsInVwZGF0ZSI6NDgwMDAwMDAwMDAwMH0sInNjaGVtYV92ZXJzaW9uIjoiMiJ9",
          "dependencies": [
            "aws_db_subnet_group.default",
            "aws_security_group.alb_external",
            "aws_security_group.db",
            "aws_security_group.web",
            "aws_subnet.private_a",
            "aws_subnet.private_b",
            "aws_vpc.main"
          ]
        }
      ]
    },
    {
      "mode": "managed",
      "type": "aws_db_subnet_group",
      "name": "default",
      "provider": "provider[\"registry.terraform.io/hashicorp/aws\"]",
      "instances": [
        {
          "schema_version": 0,
          "attributes": {
            "arn": "arn:aws:rds:us-east-1:440744220049:subgrp:joomla-db-subnet-group",
            "description": "Managed by Terraform",
            "id": "joomla-db-subnet-group",
            "name": "joomla-db-subnet-group",
            "name_prefix": "",
            "subnet_ids": [
              "subnet-05d9cad690e736f43",
              "subnet-07461d4ff99ce0fbd"
            ],
            "supported_network_types": [
              "IPV4"
            ],
            "tags": {
              "Dev": "Alejandro",
              "Env": "Lab4",
              "Name": "joomla-db-subnet-group"
            },
            "tags_all": {
              "Dev": "Alejandro",
              "Env": "Lab4",
              "Name": "joomla-db-subnet-group"
            },
            "vpc_id": "vpc-06e6b26fa86f1fe9c"
          },
          "sensitive_attributes": [],
          "private": "bnVsbA==",
          "dependencies": [
            "aws_subnet.private_a",
            "aws_subnet.private_b",
            "aws_vpc.main"
          ]
        }
      ]
    },
    {
      "mode": "managed",
      "type": "aws_efs_file_system",
      "name": "joomla",
      "provider": "provider[\"registry.terraform.io/hashicorp/aws\"]",
      "instances": [
        {
          "schema_version": 0,
          "attributes": {
            "arn": "arn:aws:elasticfilesystem:us-east-1:440744220049:file-system/fs-023629417bc0a6ddc",
            "availability_zone_id": "",
            "availability_zone_name": "",
            "creation_token": "joomla-efs",
            "dns_name": "fs-023629417bc0a6ddc.efs.us-east-1.amazonaws.com",
            "encrypted": false,
            "id": "fs-023629417bc0a6ddc",
            "kms_key_id": "",
            "lifecycle_policy": [],
            "name": "joomla-efs",
            "number_of_mount_targets": 2,
            "owner_id": "440744220049",
            "performance_mode": "generalPurpose",
            "protection": [
              {
                "replication_overwrite": "ENABLED"
              }
            ],
            "provisioned_throughput_in_mibps": 0,
            "size_in_bytes": [
              {
                "value": 6144,
                "value_in_ia": 0,
                "value_in_standard": 6144
              }
            ],
            "tags": {
              "Dev": "Alejandro",
              "Env": "Lab4",
              "Name": "joomla-efs"
            },
            "tags_all": {
              "Dev": "Alejandro",
              "Env": "Lab4",
              "Name": "joomla-efs"
            },
            "throughput_mode": "bursting"
          },
          "sensitive_attributes": [],
          "private": "bnVsbA=="
        }
      ]
    },
    {
      "mode": "managed",
      "type": "aws_efs_mount_target",
      "name": "private_a",
      "provider": "provider[\"registry.terraform.io/hashicorp/aws\"]",
      "instances": [
        {
          "schema_version": 0,
          "attributes": {
            "availability_zone_id": "use1-az1",
            "availability_zone_name": "us-east-1a",
            "dns_name": "fs-023629417bc0a6ddc.efs.us-east-1.amazonaws.com",
            "file_system_arn": "arn:aws:elasticfilesystem:us-east-1:440744220049:file-system/fs-023629417bc0a6ddc",
            "file_system_id": "fs-023629417bc0a6ddc",
            "id": "fsmt-03d4e5b43adcbfeff",
            "ip_address": "10.0.3.252",
            "mount_target_dns_name": "us-east-1a.fs-023629417bc0a6ddc.efs.us-east-1.amazonaws.com",
            "network_interface_id": "eni-0bc3363ae91bf2ec2",
            "owner_id": "440744220049",
            "security_groups": [
              "sg-09b2835521b1bd23c"
            ],
            "subnet_id": "subnet-07461d4ff99ce0fbd",
            "timeouts": null
          },
          "sensitive_attributes": [],
          "private": "eyJlMmJmYjczMC1lY2FhLTExZTYtOGY4OC0zNDM2M2JjN2M0YzAiOnsiY3JlYXRlIjoxODAwMDAwMDAwMDAwLCJkZWxldGUiOjYwMDAwMDAwMDAwMH19",
          "dependencies": [
            "aws_efs_file_system.joomla",
            "aws_subnet.private_a",
            "aws_vpc.main"
          ]
        }
      ]
    },
    {
      "mode": "managed",
      "type": "aws_efs_mount_target",
      "name": "private_b",
      "provider": "provider[\"registry.terraform.io/hashicorp/aws\"]",
      "instances": [
        {
          "schema_version": 0,
          "attributes": {
            "availability_zone_id": "use1-az2",
            "availability_zone_name": "us-east-1b",
            "dns_name": "fs-023629417bc0a6ddc.efs.us-east-1.amazonaws.com",
            "file_system_arn": "arn:aws:elasticfilesystem:us-east-1:440744220049:file-system/fs-023629417bc0a6ddc",
            "file_system_id": "fs-023629417bc0a6ddc",
            "id": "fsmt-0ce19f5f5cecfd219",
            "ip_address": "10.0.4.230",
            "mount_target_dns_name": "us-east-1b.fs-023629417bc0a6ddc.efs.us-east-1.amazonaws.com",
            "network_interface_id": "eni-0394902540dc4cfbb",
            "owner_id": "440744220049",
            "security_groups": [
              "sg-09b2835521b1bd23c"
            ],
            "subnet_id": "subnet-05d9cad690e736f43",
            "timeouts": null
          },
          "sensitive_attributes": [],
          "private": "eyJlMmJmYjczMC1lY2FhLTExZTYtOGY4OC0zNDM2M2JjN2M0YzAiOnsiY3JlYXRlIjoxODAwMDAwMDAwMDAwLCJkZWxldGUiOjYwMDAwMDAwMDAwMH19",
          "dependencies": [
            "aws_efs_file_system.joomla",
            "aws_subnet.private_b",
            "aws_vpc.main"
          ]
        }
      ]
    },
    {
      "mode": "managed",
      "type": "aws_eip",
      "name": "nat",
      "provider": "provider[\"registry.terraform.io/hashicorp/aws\"]",
      "instances": [
        {
          "schema_version": 0,
          "attributes": {
            "address": null,
            "allocation_id": "eipalloc-0e9349e61170a89e0",
            "arn": "arn:aws:ec2:us-east-1:440744220049:elastic-ip/eipalloc-0e9349e61170a89e0",
            "associate_with_private_ip": null,
            "association_id": "eipassoc-095186d3202ea7c17",
            "carrier_ip": "",
            "customer_owned_ip": "",
            "customer_owned_ipv4_pool": "",
            "domain": "vpc",
            "id": "eipalloc-0e9349e61170a89e0",
            "instance": "",
            "ipam_pool_id": null,
            "network_border_group": "us-east-1",
            "network_interface": "eni-0ea424b72aa7bbbfe",
            "private_dns": "ip-10-0-1-142.ec2.internal",
            "private_ip": "10.0.1.142",
            "ptr_record": "",
            "public_dns": "ec2-3-226-207-209.compute-1.amazonaws.com",
            "public_ip": "3.226.207.209",
            "public_ipv4_pool": "amazon",
            "tags": {
              "Dev": "Alejandro",
              "Env": "Lab4",
              "Name": "vpc-lab4"
            },
            "tags_all": {
              "Dev": "Alejandro",
              "Env": "Lab4",
              "Name": "vpc-lab4"
            },
            "timeouts": null,
            "vpc": true
          },
          "sensitive_attributes": [],
          "private": "eyJlMmJmYjczMC1lY2FhLTExZTYtOGY4OC0zNDM2M2JjN2M0YzAiOnsiZGVsZXRlIjoxODAwMDAwMDAwMDAsInJlYWQiOjkwMDAwMDAwMDAwMCwidXBkYXRlIjozMDAwMDAwMDAwMDB9fQ=="
        }
      ]
    },
    {
      "mode": "managed",
      "type": "aws_iam_instance_profile",
      "name": "ssm_instance_profile",
      "provider": "provider[\"registry.terraform.io/hashicorp/aws\"]",
      "instances": [
        {
          "schema_version": 0,
          "attributes": {
            "arn": "arn:aws:iam::440744220049:instance-profile/ssm-instance-profile",
            "create_date": "2024-11-08T16:54:52Z",
            "id": "ssm-instance-profile",
            "name": "ssm-instance-profile",
            "name_prefix": "",
            "path": "/",
            "role": "ROL-SSM",
            "tags": {
              "Dev": "Alejandro",
              "Env": "Lab4",
              "Name": "vpc-lab4"
            },
            "tags_all": {
              "Dev": "Alejandro",
              "Env": "Lab4",
              "Name": "vpc-lab4"
            },
            "unique_id": "AIPAWNHTHCWI34HWXYNT3"
          },
          "sensitive_attributes": [],
          "private": "bnVsbA=="
        }
      ]
    },
    {
      "mode": "managed",
      "type": "aws_internet_gateway",
      "name": "igw",
      "provider": "provider[\"registry.terraform.io/hashicorp/aws\"]",
      "instances": [
        {
          "schema_version": 0,
          "attributes": {
            "arn": "arn:aws:ec2:us-east-1:440744220049:internet-gateway/igw-0a73db9bd9e0489db",
            "id": "igw-0a73db9bd9e0489db",
            "owner_id": "440744220049",
            "tags": {
              "Dev": "Alejandro",
              "Env": "Lab4",
              "Name": "vpc-lab4"
            },
            "tags_all": {
              "Dev": "Alejandro",
              "Env": "Lab4",
              "Name": "vpc-lab4"
            },
            "timeouts": null,
            "vpc_id": "vpc-06e6b26fa86f1fe9c"
          },
          "sensitive_attributes": [],
          "private": "eyJlMmJmYjczMC1lY2FhLTExZTYtOGY4OC0zNDM2M2JjN2M0YzAiOnsiY3JlYXRlIjoxMjAwMDAwMDAwMDAwLCJkZWxldGUiOjEyMDAwMDAwMDAwMDAsInVwZGF0ZSI6MTIwMDAwMDAwMDAwMH19",
          "dependencies": [
            "aws_vpc.main"
          ]
        }
      ]
    },
    {
      "mode": "managed",
      "type": "aws_launch_template",
      "name": "web",
      "provider": "provider[\"registry.terraform.io/hashicorp/aws\"]",
      "instances": [
        {
          "schema_version": 0,
          "attributes": {
            "arn": "arn:aws:ec2:us-east-1:440744220049:launch-template/lt-07f11aed65ec56b89",
            "block_device_mappings": [],
            "capacity_reservation_specification": [],
            "cpu_options": [],
            "credit_specification": [],
            "default_version": 1,
            "description": "",
            "disable_api_stop": false,
            "disable_api_termination": false,
            "ebs_optimized": "",
            "elastic_gpu_specifications": [],
            "elastic_inference_accelerator": [],
            "enclave_options": [],
            "hibernation_options": [],
            "iam_instance_profile": [
              {
                "arn": "",
                "name": "ssm-instance-profile"
              }
            ],
            "id": "lt-07f11aed65ec56b89",
            "image_id": "ami-06b21ccaeff8cd686",
            "instance_initiated_shutdown_behavior": "",
            "instance_market_options": [],
            "instance_requirements": [],
            "instance_type": "t2.micro",
            "kernel_id": "",
            "key_name": "clave",
            "latest_version": 1,
            "license_specification": [],
            "maintenance_options": [],
            "metadata_options": [],
            "monitoring": [],
            "name": "web-app-template",
            "name_prefix": "",
            "network_interfaces": [
              {
                "associate_carrier_ip_address": "",
                "associate_public_ip_address": "",
                "delete_on_termination": "",
                "description": "",
                "device_index": 0,
                "interface_type": "",
                "ipv4_address_count": 0,
                "ipv4_addresses": [],
                "ipv4_prefix_count": 0,
                "ipv4_prefixes": [],
                "ipv6_address_count": 0,
                "ipv6_addresses": [],
                "ipv6_prefix_count": 0,
                "ipv6_prefixes": [],
                "network_card_index": 0,
                "network_interface_id": "",
                "primary_ipv6": "",
                "private_ip_address": "",
                "security_groups": [
                  "sg-091d6a708e2c5b468"
                ],
                "subnet_id": ""
              }
            ],
            "placement": [],
            "private_dns_name_options": [],
            "ram_disk_id": "",
            "security_group_names": [],
            "tag_specifications": [],
            "tags": {
              "Dev": "Alejandro",
              "Env": "Lab4",
              "Name": "vpc-lab4"
            },
            "tags_all": {
              "Dev": "Alejandro",
              "Env": "Lab4",
              "Name": "vpc-lab4"
            },
            "update_default_version": null,
            "user_data": "",
            "vpc_security_group_ids": []
          },
          "sensitive_attributes": [],
          "private": "bnVsbA==",
          "dependencies": [
            "aws_iam_instance_profile.ssm_instance_profile",
            "aws_security_group.alb_external",
            "aws_security_group.web",
            "aws_vpc.main"
          ]
        }
      ]
    },
    {
      "mode": "managed",
      "type": "aws_lb",
      "name": "external_lb",
      "provider": "provider[\"registry.terraform.io/hashicorp/aws\"]",
      "instances": [
        {
          "schema_version": 0,
          "attributes": {
            "access_logs": [
              {
                "bucket": "",
                "enabled": false,
                "prefix": ""
              }
            ],
            "arn": "arn:aws:elasticloadbalancing:us-east-1:440744220049:loadbalancer/app/app-external-lb/010670c6b6c496ce",
            "arn_suffix": "app/app-external-lb/010670c6b6c496ce",
            "client_keep_alive": 3600,
            "connection_logs": [
              {
                "bucket": "",
                "enabled": false,
                "prefix": ""
              }
            ],
            "customer_owned_ipv4_pool": "",
            "desync_mitigation_mode": "defensive",
            "dns_name": "app-external-lb-1746473577.us-east-1.elb.amazonaws.com",
            "dns_record_client_routing_policy": null,
            "drop_invalid_header_fields": false,
            "enable_cross_zone_load_balancing": true,
            "enable_deletion_protection": false,
            "enable_http2": true,
            "enable_tls_version_and_cipher_suite_headers": false,
            "enable_waf_fail_open": false,
            "enable_xff_client_port": false,
            "enable_zonal_shift": null,
            "enforce_security_group_inbound_rules_on_private_link_traffic": "",
            "id": "arn:aws:elasticloadbalancing:us-east-1:440744220049:loadbalancer/app/app-external-lb/010670c6b6c496ce",
            "idle_timeout": 60,
            "internal": false,
            "ip_address_type": "ipv4",
            "load_balancer_type": "application",
            "name": "app-external-lb",
            "name_prefix": "",
            "preserve_host_header": false,
            "security_groups": [
              "sg-05444f0a9db3a9bdf"
            ],
            "subnet_mapping": [
              {
                "allocation_id": "",
                "ipv6_address": "",
                "outpost_id": "",
                "private_ipv4_address": "",
                "subnet_id": "subnet-07c6060ecea42f74a"
              },
              {
                "allocation_id": "",
                "ipv6_address": "",
                "outpost_id": "",
                "private_ipv4_address": "",
                "subnet_id": "subnet-0ff7741feade24c89"
              }
            ],
            "subnets": [
              "subnet-07c6060ecea42f74a",
              "subnet-0ff7741feade24c89"
            ],
            "tags": {
              "Dev": "Alejandro",
              "Env": "Lab4",
              "Name": "app-external-lb"
            },
            "tags_all": {
              "Dev": "Alejandro",
              "Env": "Lab4",
              "Name": "app-external-lb"
            },
            "timeouts": null,
            "vpc_id": "vpc-06e6b26fa86f1fe9c",
            "xff_header_processing_mode": "append",
            "zone_id": "Z35SXDOTRQ7X7K"
          },
          "sensitive_attributes": [],
          "private": "eyJlMmJmYjczMC1lY2FhLTExZTYtOGY4OC0zNDM2M2JjN2M0YzAiOnsiY3JlYXRlIjo2MDAwMDAwMDAwMDAsImRlbGV0ZSI6NjAwMDAwMDAwMDAwLCJ1cGRhdGUiOjYwMDAwMDAwMDAwMH19",
          "dependencies": [
            "aws_security_group.alb_external",
            "aws_subnet.public_a",
            "aws_subnet.public_b",
            "aws_vpc.main"
          ]
        }
      ]
    },
    {
      "mode": "managed",
      "type": "aws_lb",
      "name": "internal_lb",
      "provider": "provider[\"registry.terraform.io/hashicorp/aws\"]",
      "instances": [
        {
          "schema_version": 0,
          "attributes": {
            "access_logs": [
              {
                "bucket": "",
                "enabled": false,
                "prefix": ""
              }
            ],
            "arn": "arn:aws:elasticloadbalancing:us-east-1:440744220049:loadbalancer/app/app-internal-lb/cc4fd17473ba268f",
            "arn_suffix": "app/app-internal-lb/cc4fd17473ba268f",
            "client_keep_alive": 3600,
            "connection_logs": [
              {
                "bucket": "",
                "enabled": false,
                "prefix": ""
              }
            ],
            "customer_owned_ipv4_pool": "",
            "desync_mitigation_mode": "defensive",
            "dns_name": "internal-app-internal-lb-759839134.us-east-1.elb.amazonaws.com",
            "dns_record_client_routing_policy": null,
            "drop_invalid_header_fields": false,
            "enable_cross_zone_load_balancing": true,
            "enable_deletion_protection": false,
            "enable_http2": true,
            "enable_tls_version_and_cipher_suite_headers": false,
            "enable_waf_fail_open": false,
            "enable_xff_client_port": false,
            "enable_zonal_shift": null,
            "enforce_security_group_inbound_rules_on_private_link_traffic": "",
            "id": "arn:aws:elasticloadbalancing:us-east-1:440744220049:loadbalancer/app/app-internal-lb/cc4fd17473ba268f",
            "idle_timeout": 60,
            "internal": true,
            "ip_address_type": "ipv4",
            "load_balancer_type": "application",
            "name": "app-internal-lb",
            "name_prefix": "",
            "preserve_host_header": false,
            "security_groups": [
              "sg-020f5c65c13fbf002"
            ],
            "subnet_mapping": [
              {
                "allocation_id": "",
                "ipv6_address": "",
                "outpost_id": "",
                "private_ipv4_address": "",
                "subnet_id": "subnet-05d9cad690e736f43"
              },
              {
                "allocation_id": "",
                "ipv6_address": "",
                "outpost_id": "",
                "private_ipv4_address": "",
                "subnet_id": "subnet-07461d4ff99ce0fbd"
              }
            ],
            "subnets": [
              "subnet-05d9cad690e736f43",
              "subnet-07461d4ff99ce0fbd"
            ],
            "tags": {
              "Dev": "Alejandro",
              "Env": "Lab4",
              "Name": "vpc-lab4"
            },
            "tags_all": {
              "Dev": "Alejandro",
              "Env": "Lab4",
              "Name": "vpc-lab4"
            },
            "timeouts": null,
            "vpc_id": "vpc-06e6b26fa86f1fe9c",
            "xff_header_processing_mode": "append",
            "zone_id": "Z35SXDOTRQ7X7K"
          },
          "sensitive_attributes": [],
          "private": "eyJlMmJmYjczMC1lY2FhLTExZTYtOGY4OC0zNDM2M2JjN2M0YzAiOnsiY3JlYXRlIjo2MDAwMDAwMDAwMDAsImRlbGV0ZSI6NjAwMDAwMDAwMDAwLCJ1cGRhdGUiOjYwMDAwMDAwMDAwMH19",
          "dependencies": [
            "aws_security_group.alb_internal",
            "aws_subnet.private_a",
            "aws_subnet.private_b",
            "aws_vpc.main"
          ]
        }
      ]
    },
    {
      "mode": "managed",
      "type": "aws_lb_listener",
      "name": "external_http",
      "provider": "provider[\"registry.terraform.io/hashicorp/aws\"]",
      "instances": [
        {
          "schema_version": 0,
          "attributes": {
            "alpn_policy": null,
            "arn": "arn:aws:elasticloadbalancing:us-east-1:440744220049:listener/app/app-external-lb/010670c6b6c496ce/4084429c10fa4ebf",
            "certificate_arn": null,
            "default_action": [
              {
                "authenticate_cognito": [],
                "authenticate_oidc": [],
                "fixed_response": [
                  {
                    "content_type": "text/plain",
                    "message_body": "OK",
                    "status_code": "200"
                  }
                ],
                "forward": [],
                "order": 1,
                "redirect": [],
                "target_group_arn": "",
                "type": "fixed-response"
              }
            ],
            "id": "arn:aws:elasticloadbalancing:us-east-1:440744220049:listener/app/app-external-lb/010670c6b6c496ce/4084429c10fa4ebf",
            "load_balancer_arn": "arn:aws:elasticloadbalancing:us-east-1:440744220049:loadbalancer/app/app-external-lb/010670c6b6c496ce",
            "mutual_authentication": [],
            "port": 80,
            "protocol": "HTTP",
            "ssl_policy": "",
            "tags": {
              "Dev": "Alejandro",
              "Env": "Lab4",
              "Name": "external-http-listener"
            },
            "tags_all": {
              "Dev": "Alejandro",
              "Env": "Lab4",
              "Name": "external-http-listener"
            },
            "tcp_idle_timeout_seconds": null,
            "timeouts": null
          },
          "sensitive_attributes": [],
          "private": "eyJlMmJmYjczMC1lY2FhLTExZTYtOGY4OC0zNDM2M2JjN2M0YzAiOnsiY3JlYXRlIjozMDAwMDAwMDAwMDAsInVwZGF0ZSI6MzAwMDAwMDAwMDAwfX0=",
          "dependencies": [
            "aws_lb.external_lb",
            "aws_security_group.alb_external",
            "aws_subnet.public_a",
            "aws_subnet.public_b",
            "aws_vpc.main"
          ]
        }
      ]
    },
    {
      "mode": "managed",
      "type": "aws_lb_listener",
      "name": "external_https",
      "provider": "provider[\"registry.terraform.io/hashicorp/aws\"]",
      "instances": [
        {
          "schema_version": 0,
          "attributes": {
            "alpn_policy": null,
            "arn": "arn:aws:elasticloadbalancing:us-east-1:440744220049:listener/app/app-external-lb/010670c6b6c496ce/24a401249dae886f",
            "certificate_arn": "arn:aws:acm:us-east-1:440744220049:certificate/6a2cb772-071f-4e9a-9b81-766de468f24c",
            "default_action": [
              {
                "authenticate_cognito": [],
                "authenticate_oidc": [],
                "fixed_response": [
                  {
                    "content_type": "text/plain",
                    "message_body": "OK",
                    "status_code": "200"
                  }
                ],
                "forward": [],
                "order": 1,
                "redirect": [],
                "target_group_arn": "",
                "type": "fixed-response"
              }
            ],
            "id": "arn:aws:elasticloadbalancing:us-east-1:440744220049:listener/app/app-external-lb/010670c6b6c496ce/24a401249dae886f",
            "load_balancer_arn": "arn:aws:elasticloadbalancing:us-east-1:440744220049:loadbalancer/app/app-external-lb/010670c6b6c496ce",
            "mutual_authentication": [
              {
                "ignore_client_certificate_expiry": false,
                "mode": "off",
                "trust_store_arn": ""
              }
            ],
            "port": 443,
            "protocol": "HTTPS",
            "ssl_policy": "ELBSecurityPolicy-2016-08",
            "tags": {
              "Dev": "Alejandro",
              "Env": "Lab4",
              "Name": "external-https-listener"
            },
            "tags_all": {
              "Dev": "Alejandro",
              "Env": "Lab4",
              "Name": "external-https-listener"
            },
            "tcp_idle_timeout_seconds": null,
            "timeouts": null
          },
          "sensitive_attributes": [],
          "private": "eyJlMmJmYjczMC1lY2FhLTExZTYtOGY4OC0zNDM2M2JjN2M0YzAiOnsiY3JlYXRlIjozMDAwMDAwMDAwMDAsInVwZGF0ZSI6MzAwMDAwMDAwMDAwfX0=",
          "dependencies": [
            "aws_lb.external_lb",
            "aws_security_group.alb_external",
            "aws_subnet.public_a",
            "aws_subnet.public_b",
            "aws_vpc.main"
          ]
        }
      ]
    },
    {
      "mode": "managed",
      "type": "aws_lb_listener",
      "name": "internal_http",
      "provider": "provider[\"registry.terraform.io/hashicorp/aws\"]",
      "instances": [
        {
          "schema_version": 0,
          "attributes": {
            "alpn_policy": null,
            "arn": "arn:aws:elasticloadbalancing:us-east-1:440744220049:listener/app/app-internal-lb/cc4fd17473ba268f/66643335686b35f2",
            "certificate_arn": null,
            "default_action": [
              {
                "authenticate_cognito": [],
                "authenticate_oidc": [],
                "fixed_response": [
                  {
                    "content_type": "text/plain",
                    "message_body": "OK",
                    "status_code": "200"
                  }
                ],
                "forward": [],
                "order": 1,
                "redirect": [],
                "target_group_arn": "",
                "type": "fixed-response"
              }
            ],
            "id": "arn:aws:elasticloadbalancing:us-east-1:440744220049:listener/app/app-internal-lb/cc4fd17473ba268f/66643335686b35f2",
            "load_balancer_arn": "arn:aws:elasticloadbalancing:us-east-1:440744220049:loadbalancer/app/app-internal-lb/cc4fd17473ba268f",
            "mutual_authentication": [],
            "port": 80,
            "protocol": "HTTP",
            "ssl_policy": "",
            "tags": {
              "Dev": "Alejandro",
              "Env": "Lab4",
              "Name": "internal-http-listener"
            },
            "tags_all": {
              "Dev": "Alejandro",
              "Env": "Lab4",
              "Name": "internal-http-listener"
            },
            "tcp_idle_timeout_seconds": null,
            "timeouts": null
          },
          "sensitive_attributes": [],
          "private": "eyJlMmJmYjczMC1lY2FhLTExZTYtOGY4OC0zNDM2M2JjN2M0YzAiOnsiY3JlYXRlIjozMDAwMDAwMDAwMDAsInVwZGF0ZSI6MzAwMDAwMDAwMDAwfX0=",
          "dependencies": [
            "aws_lb.internal_lb",
            "aws_security_group.alb_internal",
            "aws_subnet.private_a",
            "aws_subnet.private_b",
            "aws_vpc.main"
          ]
        }
      ]
    },
    {
      "mode": "managed",
      "type": "aws_lb_target_group",
      "name": "external_tg_https",
      "provider": "provider[\"registry.terraform.io/hashicorp/aws\"]",
      "instances": [
        {
          "schema_version": 0,
          "attributes": {
            "arn": "arn:aws:elasticloadbalancing:us-east-1:440744220049:targetgroup/external-tg-https/75ac18e4e6031ea4",
            "arn_suffix": "targetgroup/external-tg-https/75ac18e4e6031ea4",
            "connection_termination": null,
            "deregistration_delay": "300",
            "health_check": [
              {
                "enabled": true,
                "healthy_threshold": 3,
                "interval": 20,
                "matcher": "200",
                "path": "/",
                "port": "traffic-port",
                "protocol": "HTTPS",
                "timeout": 6,
                "unhealthy_threshold": 3
              }
            ],
            "id": "arn:aws:elasticloadbalancing:us-east-1:440744220049:targetgroup/external-tg-https/75ac18e4e6031ea4",
            "ip_address_type": "ipv4",
            "lambda_multi_value_headers_enabled": false,
            "load_balancer_arns": [],
            "load_balancing_algorithm_type": "round_robin",
            "load_balancing_anomaly_mitigation": "off",
            "load_balancing_cross_zone_enabled": "use_load_balancer_configuration",
            "name": "external-tg-https",
            "name_prefix": "",
            "port": 443,
            "preserve_client_ip": null,
            "protocol": "HTTPS",
            "protocol_version": "HTTP1",
            "proxy_protocol_v2": false,
            "slow_start": 0,
            "stickiness": [
              {
                "cookie_duration": 86400,
                "cookie_name": "",
                "enabled": false,
                "type": "lb_cookie"
              }
            ],
            "tags": {
              "Dev": "Alejandro",
              "Env": "Lab4",
              "Name": "external-tg-https"
            },
            "tags_all": {
              "Dev": "Alejandro",
              "Env": "Lab4",
              "Name": "external-tg-https"
            },
            "target_failover": [
              {
                "on_deregistration": null,
                "on_unhealthy": null
              }
            ],
            "target_group_health": [
              {
                "dns_failover": [
                  {
                    "minimum_healthy_targets_count": "1",
                    "minimum_healthy_targets_percentage": "off"
                  }
                ],
                "unhealthy_state_routing": [
                  {
                    "minimum_healthy_targets_count": 1,
                    "minimum_healthy_targets_percentage": "off"
                  }
                ]
              }
            ],
            "target_health_state": [
              {
                "enable_unhealthy_connection_termination": null,
                "unhealthy_draining_interval": null
              }
            ],
            "target_type": "instance",
            "vpc_id": "vpc-06e6b26fa86f1fe9c"
          },
          "sensitive_attributes": [],
          "private": "bnVsbA==",
          "dependencies": [
            "aws_vpc.main"
          ]
        }
      ]
    },
    {
      "mode": "managed",
      "type": "aws_lb_target_group",
      "name": "internal_tg_https",
      "provider": "provider[\"registry.terraform.io/hashicorp/aws\"]",
      "instances": [
        {
          "schema_version": 0,
          "attributes": {
            "arn": "arn:aws:elasticloadbalancing:us-east-1:440744220049:targetgroup/internal-tg-https/b54074f1d91825f4",
            "arn_suffix": "targetgroup/internal-tg-https/b54074f1d91825f4",
            "connection_termination": null,
            "deregistration_delay": "300",
            "health_check": [
              {
                "enabled": true,
                "healthy_threshold": 2,
                "interval": 30,
                "matcher": "200",
                "path": "/",
                "port": "traffic-port",
                "protocol": "HTTPS",
                "timeout": 5,
                "unhealthy_threshold": 2
              }
            ],
            "id": "arn:aws:elasticloadbalancing:us-east-1:440744220049:targetgroup/internal-tg-https/b54074f1d91825f4",
            "ip_address_type": "ipv4",
            "lambda_multi_value_headers_enabled": false,
            "load_balancer_arns": [
              "arn:aws:elasticloadbalancing:us-east-1:440744220049:loadbalancer/app/app-internal-lb/cc4fd17473ba268f"
            ],
            "load_balancing_algorithm_type": "round_robin",
            "load_balancing_anomaly_mitigation": "off",
            "load_balancing_cross_zone_enabled": "use_load_balancer_configuration",
            "name": "internal-tg-https",
            "name_prefix": "",
            "port": 443,
            "preserve_client_ip": null,
            "protocol": "HTTPS",
            "protocol_version": "HTTP1",
            "proxy_protocol_v2": false,
            "slow_start": 0,
            "stickiness": [
              {
                "cookie_duration": 86400,
                "cookie_name": "",
                "enabled": false,
                "type": "lb_cookie"
              }
            ],
            "tags": {
              "Dev": "Alejandro",
              "Env": "Lab4",
              "Name": "internal-tg-https"
            },
            "tags_all": {
              "Dev": "Alejandro",
              "Env": "Lab4",
              "Name": "internal-tg-https"
            },
            "target_failover": [
              {
                "on_deregistration": null,
                "on_unhealthy": null
              }
            ],
            "target_group_health": [
              {
                "dns_failover": [
                  {
                    "minimum_healthy_targets_count": "1",
                    "minimum_healthy_targets_percentage": "off"
                  }
                ],
                "unhealthy_state_routing": [
                  {
                    "minimum_healthy_targets_count": 1,
                    "minimum_healthy_targets_percentage": "off"
                  }
                ]
              }
            ],
            "target_health_state": [
              {
                "enable_unhealthy_connection_termination": null,
                "unhealthy_draining_interval": null
              }
            ],
            "target_type": "instance",
            "vpc_id": "vpc-06e6b26fa86f1fe9c"
          },
          "sensitive_attributes": [],
          "private": "bnVsbA==",
          "dependencies": [
            "aws_vpc.main"
          ]
        }
      ]
    },
    {
      "mode": "managed",
      "type": "aws_main_route_table_association",
      "name": "private_as_main",
      "provider": "provider[\"registry.terraform.io/hashicorp/aws\"]",
      "instances": [
        {
          "schema_version": 0,
          "attributes": {
            "id": "rtbassoc-07a33dfd88d63e5d2",
            "original_route_table_id": "rtb-0e8e4a09c485c1656",
            "route_table_id": "rtb-03e101ff39613c7d8",
            "timeouts": null,
            "vpc_id": "vpc-06e6b26fa86f1fe9c"
          },
          "sensitive_attributes": [],
          "private": "eyJlMmJmYjczMC1lY2FhLTExZTYtOGY4OC0zNDM2M2JjN2M0YzAiOnsiY3JlYXRlIjozMDAwMDAwMDAwMDAsImRlbGV0ZSI6MzAwMDAwMDAwMDAwLCJ1cGRhdGUiOjEyMDAwMDAwMDAwMH19",
          "dependencies": [
            "aws_eip.nat",
            "aws_nat_gateway.nat",
            "aws_route_table.private",
            "aws_subnet.public_a",
            "aws_vpc.main"
          ]
        }
      ]
    },
    {
      "mode": "managed",
      "type": "aws_nat_gateway",
      "name": "nat",
      "provider": "provider[\"registry.terraform.io/hashicorp/aws\"]",
      "instances": [
        {
          "schema_version": 0,
          "attributes": {
            "allocation_id": "eipalloc-0e9349e61170a89e0",
            "association_id": "eipassoc-095186d3202ea7c17",
            "connectivity_type": "public",
            "id": "nat-048c09155dc9660d4",
            "network_interface_id": "eni-0ea424b72aa7bbbfe",
            "private_ip": "10.0.1.142",
            "public_ip": "3.226.207.209",
            "secondary_allocation_ids": [],
            "secondary_private_ip_address_count": 0,
            "secondary_private_ip_addresses": [],
            "subnet_id": "subnet-0ff7741feade24c89",
            "tags": {
              "Dev": "Alejandro",
              "Env": "Lab4",
              "Name": "vpc-lab4"
            },
            "tags_all": {
              "Dev": "Alejandro",
              "Env": "Lab4",
              "Name": "vpc-lab4"
            },
            "timeouts": null
          },
          "sensitive_attributes": [],
          "private": "eyJlMmJmYjczMC1lY2FhLTExZTYtOGY4OC0zNDM2M2JjN2M0YzAiOnsiY3JlYXRlIjo2MDAwMDAwMDAwMDAsImRlbGV0ZSI6MTgwMDAwMDAwMDAwMCwidXBkYXRlIjo2MDAwMDAwMDAwMDB9fQ==",
          "dependencies": [
            "aws_eip.nat",
            "aws_subnet.public_a",
            "aws_vpc.main"
          ]
        }
      ]
    },
    {
      "mode": "managed",
      "type": "aws_route",
      "name": "vpc_peering_backup_route",
      "provider": "provider[\"registry.terraform.io/hashicorp/aws\"]",
      "instances": [
        {
          "schema_version": 0,
          "attributes": {
            "carrier_gateway_id": "",
            "core_network_arn": "",
            "destination_cidr_block": "10.1.0.0/16",
            "destination_ipv6_cidr_block": "",
            "destination_prefix_list_id": "",
            "egress_only_gateway_id": "",
            "gateway_id": "",
            "id": "r-rtb-03e101ff39613c7d8972025212",
            "instance_id": "",
            "instance_owner_id": "",
            "local_gateway_id": "",
            "nat_gateway_id": "",
            "network_interface_id": "",
            "origin": "CreateRoute",
            "route_table_id": "rtb-03e101ff39613c7d8",
            "state": "active",
            "timeouts": null,
            "transit_gateway_id": "",
            "vpc_endpoint_id": "",
            "vpc_peering_connection_id": "pcx-0cf96db3f58a294a1"
          },
          "sensitive_attributes": [],
          "private": "eyJlMmJmYjczMC1lY2FhLTExZTYtOGY4OC0zNDM2M2JjN2M0YzAiOnsiY3JlYXRlIjozMDAwMDAwMDAwMDAsImRlbGV0ZSI6MzAwMDAwMDAwMDAwLCJ1cGRhdGUiOjEyMDAwMDAwMDAwMH19",
          "dependencies": [
            "aws_eip.nat",
            "aws_nat_gateway.nat",
            "aws_route_table.private",
            "aws_subnet.public_a",
            "aws_vpc.backup",
            "aws_vpc.main",
            "aws_vpc_peering_connection.vpc_peering_backup"
          ]
        }
      ]
    },
    {
      "mode": "managed",
      "type": "aws_route",
      "name": "vpc_peering_main_route",
      "provider": "provider[\"registry.terraform.io/hashicorp/aws\"]",
      "instances": [
        {
          "schema_version": 0,
          "attributes": {
            "carrier_gateway_id": "",
            "core_network_arn": "",
            "destination_cidr_block": "10.1.0.0/16",
            "destination_ipv6_cidr_block": "",
            "destination_prefix_list_id": "",
            "egress_only_gateway_id": "",
            "gateway_id": "",
            "id": "r-rtb-03e101ff39613c7d8972025212",
            "instance_id": "",
            "instance_owner_id": "",
            "local_gateway_id": "",
            "nat_gateway_id": "",
            "network_interface_id": "",
            "origin": "CreateRoute",
            "route_table_id": "rtb-03e101ff39613c7d8",
            "state": "active",
            "timeouts": null,
            "transit_gateway_id": "",
            "vpc_endpoint_id": "",
            "vpc_peering_connection_id": "pcx-0cf96db3f58a294a1"
          },
          "sensitive_attributes": [],
          "private": "eyJlMmJmYjczMC1lY2FhLTExZTYtOGY4OC0zNDM2M2JjN2M0YzAiOnsiY3JlYXRlIjozMDAwMDAwMDAwMDAsImRlbGV0ZSI6MzAwMDAwMDAwMDAwLCJ1cGRhdGUiOjEyMDAwMDAwMDAwMH19",
          "dependencies": [
            "aws_eip.nat",
            "aws_nat_gateway.nat",
            "aws_route_table.private",
            "aws_subnet.public_a",
            "aws_vpc.backup",
            "aws_vpc.main",
            "aws_vpc_peering_connection.vpc_peering_backup"
          ]
        }
      ]
    },
    {
      "mode": "managed",
      "type": "aws_route53_record",
      "name": "app_record",
      "provider": "provider[\"registry.terraform.io/hashicorp/aws\"]",
      "instances": [
        {
          "schema_version": 2,
          "attributes": {
            "alias": [
              {
                "evaluate_target_health": true,
                "name": "app-external-lb-1746473577.us-east-1.elb.amazonaws.com",
                "zone_id": "Z35SXDOTRQ7X7K"
              }
            ],
            "allow_overwrite": null,
            "cidr_routing_policy": [],
            "failover_routing_policy": [],
            "fqdn": "labale.com",
            "geolocation_routing_policy": [],
            "geoproximity_routing_policy": [],
            "health_check_id": "",
            "id": "Z02973431N5OMKWZRI6B0_labale.com_A",
            "latency_routing_policy": [],
            "multivalue_answer_routing_policy": false,
            "name": "labale.com",
            "records": [],
            "set_identifier": "",
            "ttl": 0,
            "type": "A",
            "weighted_routing_policy": [],
            "zone_id": "Z02973431N5OMKWZRI6B0"
          },
          "sensitive_attributes": [],
          "private": "eyJzY2hlbWFfdmVyc2lvbiI6IjIifQ==",
          "dependencies": [
            "aws_lb.external_lb",
            "aws_route53_zone.internal",
            "aws_security_group.alb_external",
            "aws_subnet.public_a",
            "aws_subnet.public_b",
            "aws_vpc.main"
          ]
        }
      ]
    },
    {
      "mode": "managed",
      "type": "aws_route53_zone",
      "name": "internal",
      "provider": "provider[\"registry.terraform.io/hashicorp/aws\"]",
      "instances": [
        {
          "schema_version": 0,
          "attributes": {
            "arn": "arn:aws:route53:::hostedzone/Z02973431N5OMKWZRI6B0",
            "comment": "Managed by Terraform",
            "delegation_set_id": "",
            "force_destroy": false,
            "id": "Z02973431N5OMKWZRI6B0",
            "name": "labale.com",
            "name_servers": [
              "ns-1140.awsdns-14.org",
              "ns-1929.awsdns-49.co.uk",
              "ns-57.awsdns-07.com",
              "ns-777.awsdns-33.net"
            ],
            "primary_name_server": "ns-1140.awsdns-14.org",
            "tags": {
              "Dev": "Alejandro",
              "Env": "Lab4",
              "Name": "vpc-lab4"
            },
            "tags_all": {
              "Dev": "Alejandro",
              "Env": "Lab4",
              "Name": "vpc-lab4"
            },
            "vpc": [],
            "zone_id": "Z02973431N5OMKWZRI6B0"
          },
          "sensitive_attributes": [],
          "private": "bnVsbA=="
        }
      ]
    },
    {
      "mode": "managed",
      "type": "aws_route_table",
      "name": "private",
      "provider": "provider[\"registry.terraform.io/hashicorp/aws\"]",
      "instances": [
        {
          "schema_version": 0,
          "attributes": {
            "arn": "arn:aws:ec2:us-east-1:440744220049:route-table/rtb-03e101ff39613c7d8",
            "id": "rtb-03e101ff39613c7d8",
            "owner_id": "440744220049",
            "propagating_vgws": [],
            "route": [
              {
                "carrier_gateway_id": null,
                "cidr_block": "0.0.0.0/0",
                "core_network_arn": null,
                "destination_prefix_list_id": null,
                "egress_only_gateway_id": null,
                "gateway_id": null,
                "ipv6_cidr_block": null,
                "local_gateway_id": null,
                "nat_gateway_id": "nat-048c09155dc9660d4",
                "network_interface_id": null,
                "transit_gateway_id": null,
                "vpc_endpoint_id": null,
                "vpc_peering_connection_id": null
              }
            ],
            "tags": {
              "Dev": "Alejandro",
              "Env": "Lab4",
              "Name": "private-route-table"
            },
            "tags_all": {
              "Dev": "Alejandro",
              "Env": "Lab4",
              "Name": "private-route-table"
            },
            "timeouts": null,
            "vpc_id": "vpc-06e6b26fa86f1fe9c"
          },
          "sensitive_attributes": [],
          "private": "eyJlMmJmYjczMC1lY2FhLTExZTYtOGY4OC0zNDM2M2JjN2M0YzAiOnsiY3JlYXRlIjozMDAwMDAwMDAwMDAsImRlbGV0ZSI6MzAwMDAwMDAwMDAwLCJ1cGRhdGUiOjEyMDAwMDAwMDAwMH19",
          "dependencies": [
            "aws_eip.nat",
            "aws_nat_gateway.nat",
            "aws_subnet.public_a",
            "aws_vpc.main"
          ]
        }
      ]
    },
    {
      "mode": "managed",
      "type": "aws_route_table",
      "name": "public",
      "provider": "provider[\"registry.terraform.io/hashicorp/aws\"]",
      "instances": [
        {
          "schema_version": 0,
          "attributes": {
            "arn": "arn:aws:ec2:us-east-1:440744220049:route-table/rtb-02bdc1dae63c6dddf",
            "id": "rtb-02bdc1dae63c6dddf",
            "owner_id": "440744220049",
            "propagating_vgws": [],
            "route": [
              {
                "carrier_gateway_id": "",
                "cidr_block": "0.0.0.0/0",
                "core_network_arn": "",
                "destination_prefix_list_id": "",
                "egress_only_gateway_id": "",
                "gateway_id": "igw-0a73db9bd9e0489db",
                "ipv6_cidr_block": "",
                "local_gateway_id": "",
                "nat_gateway_id": "",
                "network_interface_id": "",
                "transit_gateway_id": "",
                "vpc_endpoint_id": "",
                "vpc_peering_connection_id": ""
              }
            ],
            "tags": {
              "Dev": "Alejandro",
              "Env": "Lab4",
              "Name": "public-route-table"
            },
            "tags_all": {
              "Dev": "Alejandro",
              "Env": "Lab4",
              "Name": "public-route-table"
            },
            "timeouts": null,
            "vpc_id": "vpc-06e6b26fa86f1fe9c"
          },
          "sensitive_attributes": [],
          "private": "eyJlMmJmYjczMC1lY2FhLTExZTYtOGY4OC0zNDM2M2JjN2M0YzAiOnsiY3JlYXRlIjozMDAwMDAwMDAwMDAsImRlbGV0ZSI6MzAwMDAwMDAwMDAwLCJ1cGRhdGUiOjEyMDAwMDAwMDAwMH19",
          "dependencies": [
            "aws_internet_gateway.igw",
            "aws_vpc.main"
          ]
        }
      ]
    },
    {
      "mode": "managed",
      "type": "aws_route_table_association",
      "name": "private_a_association",
      "provider": "provider[\"registry.terraform.io/hashicorp/aws\"]",
      "instances": [
        {
          "schema_version": 0,
          "attributes": {
            "gateway_id": "",
            "id": "rtbassoc-0f194eddcff99dadc",
            "route_table_id": "rtb-03e101ff39613c7d8",
            "subnet_id": "subnet-07461d4ff99ce0fbd",
            "timeouts": null
          },
          "sensitive_attributes": [],
          "private": "eyJlMmJmYjczMC1lY2FhLTExZTYtOGY4OC0zNDM2M2JjN2M0YzAiOnsiY3JlYXRlIjozMDAwMDAwMDAwMDAsImRlbGV0ZSI6MzAwMDAwMDAwMDAwLCJ1cGRhdGUiOjEyMDAwMDAwMDAwMH19",
          "dependencies": [
            "aws_eip.nat",
            "aws_nat_gateway.nat",
            "aws_route_table.private",
            "aws_subnet.private_a",
            "aws_subnet.public_a",
            "aws_vpc.main"
          ]
        }
      ]
    },
    {
      "mode": "managed",
      "type": "aws_route_table_association",
      "name": "private_b_association",
      "provider": "provider[\"registry.terraform.io/hashicorp/aws\"]",
      "instances": [
        {
          "schema_version": 0,
          "attributes": {
            "gateway_id": "",
            "id": "rtbassoc-0f5046fb91749dc93",
            "route_table_id": "rtb-03e101ff39613c7d8",
            "subnet_id": "subnet-05d9cad690e736f43",
            "timeouts": null
          },
          "sensitive_attributes": [],
          "private": "eyJlMmJmYjczMC1lY2FhLTExZTYtOGY4OC0zNDM2M2JjN2M0YzAiOnsiY3JlYXRlIjozMDAwMDAwMDAwMDAsImRlbGV0ZSI6MzAwMDAwMDAwMDAwLCJ1cGRhdGUiOjEyMDAwMDAwMDAwMH19",
          "dependencies": [
            "aws_eip.nat",
            "aws_nat_gateway.nat",
            "aws_route_table.private",
            "aws_subnet.private_b",
            "aws_subnet.public_a",
            "aws_vpc.main"
          ]
        }
      ]
    },
    {
      "mode": "managed",
      "type": "aws_route_table_association",
      "name": "public_a_association",
      "provider": "provider[\"registry.terraform.io/hashicorp/aws\"]",
      "instances": [
        {
          "schema_version": 0,
          "attributes": {
            "gateway_id": "",
            "id": "rtbassoc-00b5164ff51b0ba46",
            "route_table_id": "rtb-02bdc1dae63c6dddf",
            "subnet_id": "subnet-0ff7741feade24c89",
            "timeouts": null
          },
          "sensitive_attributes": [],
          "private": "eyJlMmJmYjczMC1lY2FhLTExZTYtOGY4OC0zNDM2M2JjN2M0YzAiOnsiY3JlYXRlIjozMDAwMDAwMDAwMDAsImRlbGV0ZSI6MzAwMDAwMDAwMDAwLCJ1cGRhdGUiOjEyMDAwMDAwMDAwMH19",
          "dependencies": [
            "aws_internet_gateway.igw",
            "aws_route_table.public",
            "aws_subnet.public_a",
            "aws_vpc.main"
          ]
        }
      ]
    },
    {
      "mode": "managed",
      "type": "aws_route_table_association",
      "name": "public_b_association",
      "provider": "provider[\"registry.terraform.io/hashicorp/aws\"]",
      "instances": [
        {
          "schema_version": 0,
          "attributes": {
            "gateway_id": "",
            "id": "rtbassoc-08e90808929a39c53",
            "route_table_id": "rtb-02bdc1dae63c6dddf",
            "subnet_id": "subnet-07c6060ecea42f74a",
            "timeouts": null
          },
          "sensitive_attributes": [],
          "private": "eyJlMmJmYjczMC1lY2FhLTExZTYtOGY4OC0zNDM2M2JjN2M0YzAiOnsiY3JlYXRlIjozMDAwMDAwMDAwMDAsImRlbGV0ZSI6MzAwMDAwMDAwMDAwLCJ1cGRhdGUiOjEyMDAwMDAwMDAwMH19",
          "dependencies": [
            "aws_internet_gateway.igw",
            "aws_route_table.public",
            "aws_subnet.public_b",
            "aws_vpc.main"
          ]
        }
      ]
    },
    {
      "mode": "managed",
      "type": "aws_secretsmanager_secret",
      "name": "db_password",
      "provider": "provider[\"registry.terraform.io/hashicorp/aws\"]",
      "instances": [
        {
          "schema_version": 0,
          "attributes": {
            "arn": "arn:aws:secretsmanager:us-east-1:440744220049:secret:dbPasswordLab4_Secret_39-sZ15P2",
            "description": "",
            "force_overwrite_replica_secret": false,
            "id": "arn:aws:secretsmanager:us-east-1:440744220049:secret:dbPasswordLab4_Secret_39-sZ15P2",
            "kms_key_id": "",
            "name": "dbPasswordLab4_Secret_39",
            "name_prefix": "",
            "policy": "",
            "recovery_window_in_days": 30,
            "replica": [],
            "tags": {
              "Dev": "Alejandro",
              "Env": "Lab4",
              "Name": "vpc-lab4"
            },
            "tags_all": {
              "Dev": "Alejandro",
              "Env": "Lab4",
              "Name": "vpc-lab4"
            }
          },
          "sensitive_attributes": [],
          "private": "bnVsbA=="
        }
      ]
    },
    {
      "mode": "managed",
      "type": "aws_secretsmanager_secret_version",
      "name": "db_password_version",
      "provider": "provider[\"registry.terraform.io/hashicorp/aws\"]",
      "instances": [
        {
          "schema_version": 0,
          "attributes": {
            "arn": "arn:aws:secretsmanager:us-east-1:440744220049:secret:dbPasswordLab4_Secret_39-sZ15P2",
            "id": "arn:aws:secretsmanager:us-east-1:440744220049:secret:dbPasswordLab4_Secret_39-sZ15P2|terraform-20241108181604800700000002",
            "secret_binary": "",
            "secret_id": "arn:aws:secretsmanager:us-east-1:440744220049:secret:dbPasswordLab4_Secret_39-sZ15P2",
            "secret_string": "{\"password\":\"dbadmin1234\"}",
            "version_id": "terraform-20241108181604800700000002",
            "version_stages": [
              "AWSCURRENT"
            ]
          },
          "sensitive_attributes": [
            [
              {
                "type": "get_attr",
                "value": "secret_binary"
              }
            ],
            [
              {
                "type": "get_attr",
                "value": "secret_string"
              }
            ]
          ],
          "private": "bnVsbA==",
          "dependencies": [
            "aws_secretsmanager_secret.db_password"
          ]
        }
      ]
    },
    {
      "mode": "managed",
      "type": "aws_security_group",
      "name": "alb_external",
      "provider": "provider[\"registry.terraform.io/hashicorp/aws\"]",
      "instances": [
        {
          "schema_version": 1,
          "attributes": {
            "arn": "arn:aws:ec2:us-east-1:440744220049:security-group/sg-05444f0a9db3a9bdf",
            "description": "Security group for external ALB",
            "egress": [
              {
                "cidr_blocks": [
                  "0.0.0.0/0"
                ],
                "description": "",
                "from_port": 0,
                "ipv6_cidr_blocks": [],
                "prefix_list_ids": [],
                "protocol": "-1",
                "security_groups": [],
                "self": false,
                "to_port": 0
              }
            ],
            "id": "sg-05444f0a9db3a9bdf",
            "ingress": [
              {
                "cidr_blocks": [
                  "0.0.0.0/0"
                ],
                "description": "",
                "from_port": 443,
                "ipv6_cidr_blocks": [],
                "prefix_list_ids": [],
                "protocol": "tcp",
                "security_groups": [],
                "self": false,
                "to_port": 443
              },
              {
                "cidr_blocks": [
                  "0.0.0.0/0"
                ],
                "description": "",
                "from_port": 80,
                "ipv6_cidr_blocks": [],
                "prefix_list_ids": [],
                "protocol": "tcp",
                "security_groups": [],
                "self": false,
                "to_port": 80
              }
            ],
            "name": "alb-external-sg",
            "name_prefix": "",
            "owner_id": "440744220049",
            "revoke_rules_on_delete": false,
            "tags": {
              "Dev": "Alejandro",
              "Env": "Lab4",
              "Name": "alb-external-sg"
            },
            "tags_all": {
              "Dev": "Alejandro",
              "Env": "Lab4",
              "Name": "alb-external-sg"
            },
            "timeouts": null,
            "vpc_id": "vpc-06e6b26fa86f1fe9c"
          },
          "sensitive_attributes": [],
          "private": "eyJlMmJmYjczMC1lY2FhLTExZTYtOGY4OC0zNDM2M2JjN2M0YzAiOnsiY3JlYXRlIjo2MDAwMDAwMDAwMDAsImRlbGV0ZSI6OTAwMDAwMDAwMDAwfSwic2NoZW1hX3ZlcnNpb24iOiIxIn0=",
          "dependencies": [
            "aws_vpc.main"
          ]
        }
      ]
    },
    {
      "mode": "managed",
      "type": "aws_security_group",
      "name": "alb_internal",
      "provider": "provider[\"registry.terraform.io/hashicorp/aws\"]",
      "instances": [
        {
          "schema_version": 1,
          "attributes": {
            "arn": "arn:aws:ec2:us-east-1:440744220049:security-group/sg-020f5c65c13fbf002",
            "description": "Security group for internal ALB",
            "egress": [
              {
                "cidr_blocks": [
                  "0.0.0.0/0"
                ],
                "description": "",
                "from_port": 0,
                "ipv6_cidr_blocks": [],
                "prefix_list_ids": [],
                "protocol": "-1",
                "security_groups": [],
                "self": false,
                "to_port": 0
              }
            ],
            "id": "sg-020f5c65c13fbf002",
            "ingress": [
              {
                "cidr_blocks": [
                  "0.0.0.0/0"
                ],
                "description": "",
                "from_port": 443,
                "ipv6_cidr_blocks": [],
                "prefix_list_ids": [],
                "protocol": "tcp",
                "security_groups": [],
                "self": false,
                "to_port": 443
              }
            ],
            "name": "alb-internal-sg",
            "name_prefix": "",
            "owner_id": "440744220049",
            "revoke_rules_on_delete": false,
            "tags": {
              "Dev": "Alejandro",
              "Env": "Lab4",
              "Name": "alb-internal-sg"
            },
            "tags_all": {
              "Dev": "Alejandro",
              "Env": "Lab4",
              "Name": "alb-internal-sg"
            },
            "timeouts": null,
            "vpc_id": "vpc-06e6b26fa86f1fe9c"
          },
          "sensitive_attributes": [],
          "private": "eyJlMmJmYjczMC1lY2FhLTExZTYtOGY4OC0zNDM2M2JjN2M0YzAiOnsiY3JlYXRlIjo2MDAwMDAwMDAwMDAsImRlbGV0ZSI6OTAwMDAwMDAwMDAwfSwic2NoZW1hX3ZlcnNpb24iOiIxIn0=",
          "dependencies": [
            "aws_vpc.main"
          ]
        }
      ]
    },
    {
      "mode": "managed",
      "type": "aws_security_group",
      "name": "backup_vpc_sg",
      "provider": "provider[\"registry.terraform.io/hashicorp/aws\"]",
      "instances": [
        {
          "schema_version": 1,
          "attributes": {
            "arn": "arn:aws:ec2:us-east-1:440744220049:security-group/sg-0ed1e84b68eeefdea",
            "description": "Security group for Backup VPC",
            "egress": [
              {
                "cidr_blocks": [
                  "0.0.0.0/0"
                ],
                "description": "",
                "from_port": 0,
                "ipv6_cidr_blocks": [],
                "prefix_list_ids": [],
                "protocol": "-1",
                "security_groups": [],
                "self": false,
                "to_port": 0
              }
            ],
            "id": "sg-0ed1e84b68eeefdea",
            "ingress": [
              {
                "cidr_blocks": [
                  "10.0.0.0/16"
                ],
                "description": "",
                "from_port": 443,
                "ipv6_cidr_blocks": [],
                "prefix_list_ids": [],
                "protocol": "tcp",
                "security_groups": [],
                "self": false,
                "to_port": 443
              }
            ],
            "name": "backup-vpc-sg",
            "name_prefix": "",
            "owner_id": "440744220049",
            "revoke_rules_on_delete": false,
            "tags": {
              "Dev": "Alejandro",
              "Env": "Lab4",
              "Name": "vpc-lab4"
            },
            "tags_all": {
              "Dev": "Alejandro",
              "Env": "Lab4",
              "Name": "vpc-lab4"
            },
            "timeouts": null,
            "vpc_id": "vpc-09934b9b0ee992396"
          },
          "sensitive_attributes": [],
          "private": "eyJlMmJmYjczMC1lY2FhLTExZTYtOGY4OC0zNDM2M2JjN2M0YzAiOnsiY3JlYXRlIjo2MDAwMDAwMDAwMDAsImRlbGV0ZSI6OTAwMDAwMDAwMDAwfSwic2NoZW1hX3ZlcnNpb24iOiIxIn0=",
          "dependencies": [
            "aws_vpc.backup"
          ]
        }
      ]
    },
    {
      "mode": "managed",
      "type": "aws_security_group",
      "name": "db",
      "provider": "provider[\"registry.terraform.io/hashicorp/aws\"]",
      "instances": [
        {
          "schema_version": 1,
          "attributes": {
            "arn": "arn:aws:ec2:us-east-1:440744220049:security-group/sg-05ab9ffeb2f472f75",
            "description": "Security group for RDS database",
            "egress": [
              {
                "cidr_blocks": [
                  "0.0.0.0/0"
                ],
                "description": "",
                "from_port": 0,
                "ipv6_cidr_blocks": [],
                "prefix_list_ids": [],
                "protocol": "-1",
                "security_groups": [],
                "self": false,
                "to_port": 0
              }
            ],
            "id": "sg-05ab9ffeb2f472f75",
            "ingress": [
              {
                "cidr_blocks": [],
                "description": "",
                "from_port": 5432,
                "ipv6_cidr_blocks": [],
                "prefix_list_ids": [],
                "protocol": "tcp",
                "security_groups": [
                  "sg-091d6a708e2c5b468"
                ],
                "self": false,
                "to_port": 5432
              }
            ],
            "name": "db-security-group",
            "name_prefix": "",
            "owner_id": "440744220049",
            "revoke_rules_on_delete": false,
            "tags": {
              "Dev": "Alejandro",
              "Env": "Lab4",
              "Name": "vpc-lab4"
            },
            "tags_all": {
              "Dev": "Alejandro",
              "Env": "Lab4",
              "Name": "vpc-lab4"
            },
            "timeouts": null,
            "vpc_id": "vpc-06e6b26fa86f1fe9c"
          },
          "sensitive_attributes": [],
          "private": "eyJlMmJmYjczMC1lY2FhLTExZTYtOGY4OC0zNDM2M2JjN2M0YzAiOnsiY3JlYXRlIjo2MDAwMDAwMDAwMDAsImRlbGV0ZSI6OTAwMDAwMDAwMDAwfSwic2NoZW1hX3ZlcnNpb24iOiIxIn0=",
          "dependencies": [
            "aws_security_group.alb_external",
            "aws_security_group.web",
            "aws_vpc.main"
          ]
        }
      ]
    },
    {
      "mode": "managed",
      "type": "aws_security_group",
      "name": "main_vpc_sg",
      "provider": "provider[\"registry.terraform.io/hashicorp/aws\"]",
      "instances": [
        {
          "schema_version": 1,
          "attributes": {
            "arn": "arn:aws:ec2:us-east-1:440744220049:security-group/sg-02bb235bfd06b2154",
            "description": "Security group for main VPC",
            "egress": [
              {
                "cidr_blocks": [
                  "0.0.0.0/0"
                ],
                "description": "",
                "from_port": 0,
                "ipv6_cidr_blocks": [],
                "prefix_list_ids": [],
                "protocol": "-1",
                "security_groups": [],
                "self": false,
                "to_port": 0
              }
            ],
            "id": "sg-02bb235bfd06b2154",
            "ingress": [
              {
                "cidr_blocks": [
                  "10.1.0.0/16"
                ],
                "description": "",
                "from_port": 443,
                "ipv6_cidr_blocks": [],
                "prefix_list_ids": [],
                "protocol": "tcp",
                "security_groups": [],
                "self": false,
                "to_port": 443
              }
            ],
            "name": "main-vpc-sg",
            "name_prefix": "",
            "owner_id": "440744220049",
            "revoke_rules_on_delete": false,
            "tags": {
              "Dev": "Alejandro",
              "Env": "Lab4",
              "Name": "vpc-lab4"
            },
            "tags_all": {
              "Dev": "Alejandro",
              "Env": "Lab4",
              "Name": "vpc-lab4"
            },
            "timeouts": null,
            "vpc_id": "vpc-06e6b26fa86f1fe9c"
          },
          "sensitive_attributes": [],
          "private": "eyJlMmJmYjczMC1lY2FhLTExZTYtOGY4OC0zNDM2M2JjN2M0YzAiOnsiY3JlYXRlIjo2MDAwMDAwMDAwMDAsImRlbGV0ZSI6OTAwMDAwMDAwMDAwfSwic2NoZW1hX3ZlcnNpb24iOiIxIn0=",
          "dependencies": [
            "aws_vpc.main"
          ]
        }
      ]
    },
    {
      "mode": "managed",
      "type": "aws_security_group",
      "name": "web",
      "provider": "provider[\"registry.terraform.io/hashicorp/aws\"]",
      "instances": [
        {
          "schema_version": 1,
          "attributes": {
            "arn": "arn:aws:ec2:us-east-1:440744220049:security-group/sg-091d6a708e2c5b468",
            "description": "Security group for joomla instances",
            "egress": [
              {
                "cidr_blocks": [
                  "0.0.0.0/0"
                ],
                "description": "",
                "from_port": 0,
                "ipv6_cidr_blocks": [],
                "prefix_list_ids": [],
                "protocol": "-1",
                "security_groups": [],
                "self": false,
                "to_port": 0
              }
            ],
            "id": "sg-091d6a708e2c5b468",
            "ingress": [
              {
                "cidr_blocks": [],
                "description": "",
                "from_port": 443,
                "ipv6_cidr_blocks": [],
                "prefix_list_ids": [],
                "protocol": "tcp",
                "security_groups": [
                  "sg-05444f0a9db3a9bdf"
                ],
                "self": false,
                "to_port": 443
              }
            ],
            "name": "web-sg",
            "name_prefix": "",
            "owner_id": "440744220049",
            "revoke_rules_on_delete": false,
            "tags": {
              "Dev": "Alejandro",
              "Env": "Lab4",
              "Name": "vpc-lab4"
            },
            "tags_all": {
              "Dev": "Alejandro",
              "Env": "Lab4",
              "Name": "vpc-lab4"
            },
            "timeouts": null,
            "vpc_id": "vpc-06e6b26fa86f1fe9c"
          },
          "sensitive_attributes": [],
          "private": "eyJlMmJmYjczMC1lY2FhLTExZTYtOGY4OC0zNDM2M2JjN2M0YzAiOnsiY3JlYXRlIjo2MDAwMDAwMDAwMDAsImRlbGV0ZSI6OTAwMDAwMDAwMDAwfSwic2NoZW1hX3ZlcnNpb24iOiIxIn0=",
          "dependencies": [
            "aws_security_group.alb_external",
            "aws_vpc.main"
          ]
        }
      ]
    },
    {
      "mode": "managed",
      "type": "aws_subnet",
      "name": "backup_private_a",
      "provider": "provider[\"registry.terraform.io/hashicorp/aws\"]",
      "instances": [
        {
          "schema_version": 1,
          "attributes": {
            "arn": "arn:aws:ec2:us-east-1:440744220049:subnet/subnet-037fb693c46dc80b9",
            "assign_ipv6_address_on_creation": false,
            "availability_zone": "us-east-1a",
            "availability_zone_id": "use1-az1",
            "cidr_block": "10.1.3.0/24",
            "customer_owned_ipv4_pool": "",
            "enable_dns64": false,
            "enable_lni_at_device_index": 0,
            "enable_resource_name_dns_a_record_on_launch": false,
            "enable_resource_name_dns_aaaa_record_on_launch": false,
            "id": "subnet-037fb693c46dc80b9",
            "ipv6_cidr_block": "",
            "ipv6_cidr_block_association_id": "",
            "ipv6_native": false,
            "map_customer_owned_ip_on_launch": false,
            "map_public_ip_on_launch": false,
            "outpost_arn": "",
            "owner_id": "440744220049",
            "private_dns_hostname_type_on_launch": "ip-name",
            "tags": {
              "Dev": "Alejandro",
              "Env": "Backup",
              "Name": "backup-private-a"
            },
            "tags_all": {
              "Dev": "Alejandro",
              "Env": "Backup",
              "Name": "backup-private-a"
            },
            "timeouts": null,
            "vpc_id": "vpc-09934b9b0ee992396"
          },
          "sensitive_attributes": [],
          "private": "eyJlMmJmYjczMC1lY2FhLTExZTYtOGY4OC0zNDM2M2JjN2M0YzAiOnsiY3JlYXRlIjo2MDAwMDAwMDAwMDAsImRlbGV0ZSI6MTIwMDAwMDAwMDAwMH0sInNjaGVtYV92ZXJzaW9uIjoiMSJ9",
          "dependencies": [
            "aws_vpc.backup"
          ]
        }
      ]
    },
    {
      "mode": "managed",
      "type": "aws_subnet",
      "name": "backup_private_b",
      "provider": "provider[\"registry.terraform.io/hashicorp/aws\"]",
      "instances": [
        {
          "schema_version": 1,
          "attributes": {
            "arn": "arn:aws:ec2:us-east-1:440744220049:subnet/subnet-0a8d01c7ac5744c58",
            "assign_ipv6_address_on_creation": false,
            "availability_zone": "us-east-1b",
            "availability_zone_id": "use1-az2",
            "cidr_block": "10.1.4.0/24",
            "customer_owned_ipv4_pool": "",
            "enable_dns64": false,
            "enable_lni_at_device_index": 0,
            "enable_resource_name_dns_a_record_on_launch": false,
            "enable_resource_name_dns_aaaa_record_on_launch": false,
            "id": "subnet-0a8d01c7ac5744c58",
            "ipv6_cidr_block": "",
            "ipv6_cidr_block_association_id": "",
            "ipv6_native": false,
            "map_customer_owned_ip_on_launch": false,
            "map_public_ip_on_launch": false,
            "outpost_arn": "",
            "owner_id": "440744220049",
            "private_dns_hostname_type_on_launch": "ip-name",
            "tags": {
              "Dev": "Alejandro",
              "Env": "Backup",
              "Name": "backup-private-b"
            },
            "tags_all": {
              "Dev": "Alejandro",
              "Env": "Backup",
              "Name": "backup-private-b"
            },
            "timeouts": null,
            "vpc_id": "vpc-09934b9b0ee992396"
          },
          "sensitive_attributes": [],
          "private": "eyJlMmJmYjczMC1lY2FhLTExZTYtOGY4OC0zNDM2M2JjN2M0YzAiOnsiY3JlYXRlIjo2MDAwMDAwMDAwMDAsImRlbGV0ZSI6MTIwMDAwMDAwMDAwMH0sInNjaGVtYV92ZXJzaW9uIjoiMSJ9",
          "dependencies": [
            "aws_vpc.backup"
          ]
        }
      ]
    },
    {
      "mode": "managed",
      "type": "aws_subnet",
      "name": "backup_public_a",
      "provider": "provider[\"registry.terraform.io/hashicorp/aws\"]",
      "instances": [
        {
          "schema_version": 1,
          "attributes": {
            "arn": "arn:aws:ec2:us-east-1:440744220049:subnet/subnet-035c56d3d5f4db25c",
            "assign_ipv6_address_on_creation": false,
            "availability_zone": "us-east-1a",
            "availability_zone_id": "use1-az1",
            "cidr_block": "10.1.1.0/24",
            "customer_owned_ipv4_pool": "",
            "enable_dns64": false,
            "enable_lni_at_device_index": 0,
            "enable_resource_name_dns_a_record_on_launch": false,
            "enable_resource_name_dns_aaaa_record_on_launch": false,
            "id": "subnet-035c56d3d5f4db25c",
            "ipv6_cidr_block": "",
            "ipv6_cidr_block_association_id": "",
            "ipv6_native": false,
            "map_customer_owned_ip_on_launch": false,
            "map_public_ip_on_launch": true,
            "outpost_arn": "",
            "owner_id": "440744220049",
            "private_dns_hostname_type_on_launch": "ip-name",
            "tags": {
              "Dev": "Alejandro",
              "Env": "Backup",
              "Name": "backup-public-a"
            },
            "tags_all": {
              "Dev": "Alejandro",
              "Env": "Backup",
              "Name": "backup-public-a"
            },
            "timeouts": null,
            "vpc_id": "vpc-09934b9b0ee992396"
          },
          "sensitive_attributes": [],
          "private": "eyJlMmJmYjczMC1lY2FhLTExZTYtOGY4OC0zNDM2M2JjN2M0YzAiOnsiY3JlYXRlIjo2MDAwMDAwMDAwMDAsImRlbGV0ZSI6MTIwMDAwMDAwMDAwMH0sInNjaGVtYV92ZXJzaW9uIjoiMSJ9",
          "dependencies": [
            "aws_vpc.backup"
          ]
        }
      ]
    },
    {
      "mode": "managed",
      "type": "aws_subnet",
      "name": "backup_public_b",
      "provider": "provider[\"registry.terraform.io/hashicorp/aws\"]",
      "instances": [
        {
          "schema_version": 1,
          "attributes": {
            "arn": "arn:aws:ec2:us-east-1:440744220049:subnet/subnet-0b577acae7a6994c3",
            "assign_ipv6_address_on_creation": false,
            "availability_zone": "us-east-1b",
            "availability_zone_id": "use1-az2",
            "cidr_block": "10.1.2.0/24",
            "customer_owned_ipv4_pool": "",
            "enable_dns64": false,
            "enable_lni_at_device_index": 0,
            "enable_resource_name_dns_a_record_on_launch": false,
            "enable_resource_name_dns_aaaa_record_on_launch": false,
            "id": "subnet-0b577acae7a6994c3",
            "ipv6_cidr_block": "",
            "ipv6_cidr_block_association_id": "",
            "ipv6_native": false,
            "map_customer_owned_ip_on_launch": false,
            "map_public_ip_on_launch": true,
            "outpost_arn": "",
            "owner_id": "440744220049",
            "private_dns_hostname_type_on_launch": "ip-name",
            "tags": {
              "Dev": "Alejandro",
              "Env": "Backup",
              "Name": "backup-public-b"
            },
            "tags_all": {
              "Dev": "Alejandro",
              "Env": "Backup",
              "Name": "backup-public-b"
            },
            "timeouts": null,
            "vpc_id": "vpc-09934b9b0ee992396"
          },
          "sensitive_attributes": [],
          "private": "eyJlMmJmYjczMC1lY2FhLTExZTYtOGY4OC0zNDM2M2JjN2M0YzAiOnsiY3JlYXRlIjo2MDAwMDAwMDAwMDAsImRlbGV0ZSI6MTIwMDAwMDAwMDAwMH0sInNjaGVtYV92ZXJzaW9uIjoiMSJ9",
          "dependencies": [
            "aws_vpc.backup"
          ]
        }
      ]
    },
    {
      "mode": "managed",
      "type": "aws_subnet",
      "name": "private_a",
      "provider": "provider[\"registry.terraform.io/hashicorp/aws\"]",
      "instances": [
        {
          "schema_version": 1,
          "attributes": {
            "arn": "arn:aws:ec2:us-east-1:440744220049:subnet/subnet-07461d4ff99ce0fbd",
            "assign_ipv6_address_on_creation": false,
            "availability_zone": "us-east-1a",
            "availability_zone_id": "use1-az1",
            "cidr_block": "10.0.3.0/24",
            "customer_owned_ipv4_pool": "",
            "enable_dns64": false,
            "enable_lni_at_device_index": 0,
            "enable_resource_name_dns_a_record_on_launch": false,
            "enable_resource_name_dns_aaaa_record_on_launch": false,
            "id": "subnet-07461d4ff99ce0fbd",
            "ipv6_cidr_block": "",
            "ipv6_cidr_block_association_id": "",
            "ipv6_native": false,
            "map_customer_owned_ip_on_launch": false,
            "map_public_ip_on_launch": false,
            "outpost_arn": "",
            "owner_id": "440744220049",
            "private_dns_hostname_type_on_launch": "ip-name",
            "tags": {
              "Dev": "Alejandro",
              "Env": "Lab4",
              "Name": "vpc-lab4"
            },
            "tags_all": {
              "Dev": "Alejandro",
              "Env": "Lab4",
              "Name": "vpc-lab4"
            },
            "timeouts": null,
            "vpc_id": "vpc-06e6b26fa86f1fe9c"
          },
          "sensitive_attributes": [],
          "private": "eyJlMmJmYjczMC1lY2FhLTExZTYtOGY4OC0zNDM2M2JjN2M0YzAiOnsiY3JlYXRlIjo2MDAwMDAwMDAwMDAsImRlbGV0ZSI6MTIwMDAwMDAwMDAwMH0sInNjaGVtYV92ZXJzaW9uIjoiMSJ9",
          "dependencies": [
            "aws_vpc.main"
          ]
        }
      ]
    },
    {
      "mode": "managed",
      "type": "aws_subnet",
      "name": "private_b",
      "provider": "provider[\"registry.terraform.io/hashicorp/aws\"]",
      "instances": [
        {
          "schema_version": 1,
          "attributes": {
            "arn": "arn:aws:ec2:us-east-1:440744220049:subnet/subnet-05d9cad690e736f43",
            "assign_ipv6_address_on_creation": false,
            "availability_zone": "us-east-1b",
            "availability_zone_id": "use1-az2",
            "cidr_block": "10.0.4.0/24",
            "customer_owned_ipv4_pool": "",
            "enable_dns64": false,
            "enable_lni_at_device_index": 0,
            "enable_resource_name_dns_a_record_on_launch": false,
            "enable_resource_name_dns_aaaa_record_on_launch": false,
            "id": "subnet-05d9cad690e736f43",
            "ipv6_cidr_block": "",
            "ipv6_cidr_block_association_id": "",
            "ipv6_native": false,
            "map_customer_owned_ip_on_launch": false,
            "map_public_ip_on_launch": false,
            "outpost_arn": "",
            "owner_id": "440744220049",
            "private_dns_hostname_type_on_launch": "ip-name",
            "tags": {
              "Dev": "Alejandro",
              "Env": "Lab4",
              "Name": "vpc-lab4"
            },
            "tags_all": {
              "Dev": "Alejandro",
              "Env": "Lab4",
              "Name": "vpc-lab4"
            },
            "timeouts": null,
            "vpc_id": "vpc-06e6b26fa86f1fe9c"
          },
          "sensitive_attributes": [],
          "private": "eyJlMmJmYjczMC1lY2FhLTExZTYtOGY4OC0zNDM2M2JjN2M0YzAiOnsiY3JlYXRlIjo2MDAwMDAwMDAwMDAsImRlbGV0ZSI6MTIwMDAwMDAwMDAwMH0sInNjaGVtYV92ZXJzaW9uIjoiMSJ9",
          "dependencies": [
            "aws_vpc.main"
          ]
        }
      ]
    },
    {
      "mode": "managed",
      "type": "aws_subnet",
      "name": "public_a",
      "provider": "provider[\"registry.terraform.io/hashicorp/aws\"]",
      "instances": [
        {
          "schema_version": 1,
          "attributes": {
            "arn": "arn:aws:ec2:us-east-1:440744220049:subnet/subnet-0ff7741feade24c89",
            "assign_ipv6_address_on_creation": false,
            "availability_zone": "us-east-1a",
            "availability_zone_id": "use1-az1",
            "cidr_block": "10.0.1.0/24",
            "customer_owned_ipv4_pool": "",
            "enable_dns64": false,
            "enable_lni_at_device_index": 0,
            "enable_resource_name_dns_a_record_on_launch": false,
            "enable_resource_name_dns_aaaa_record_on_launch": false,
            "id": "subnet-0ff7741feade24c89",
            "ipv6_cidr_block": "",
            "ipv6_cidr_block_association_id": "",
            "ipv6_native": false,
            "map_customer_owned_ip_on_launch": false,
            "map_public_ip_on_launch": true,
            "outpost_arn": "",
            "owner_id": "440744220049",
            "private_dns_hostname_type_on_launch": "ip-name",
            "tags": {
              "Dev": "Alejandro",
              "Env": "Lab4",
              "Name": "vpc-lab4"
            },
            "tags_all": {
              "Dev": "Alejandro",
              "Env": "Lab4",
              "Name": "vpc-lab4"
            },
            "timeouts": null,
            "vpc_id": "vpc-06e6b26fa86f1fe9c"
          },
          "sensitive_attributes": [],
          "private": "eyJlMmJmYjczMC1lY2FhLTExZTYtOGY4OC0zNDM2M2JjN2M0YzAiOnsiY3JlYXRlIjo2MDAwMDAwMDAwMDAsImRlbGV0ZSI6MTIwMDAwMDAwMDAwMH0sInNjaGVtYV92ZXJzaW9uIjoiMSJ9",
          "dependencies": [
            "aws_vpc.main"
          ]
        }
      ]
    },
    {
      "mode": "managed",
      "type": "aws_subnet",
      "name": "public_b",
      "provider": "provider[\"registry.terraform.io/hashicorp/aws\"]",
      "instances": [
        {
          "schema_version": 1,
          "attributes": {
            "arn": "arn:aws:ec2:us-east-1:440744220049:subnet/subnet-07c6060ecea42f74a",
            "assign_ipv6_address_on_creation": false,
            "availability_zone": "us-east-1b",
            "availability_zone_id": "use1-az2",
            "cidr_block": "10.0.2.0/24",
            "customer_owned_ipv4_pool": "",
            "enable_dns64": false,
            "enable_lni_at_device_index": 0,
            "enable_resource_name_dns_a_record_on_launch": false,
            "enable_resource_name_dns_aaaa_record_on_launch": false,
            "id": "subnet-07c6060ecea42f74a",
            "ipv6_cidr_block": "",
            "ipv6_cidr_block_association_id": "",
            "ipv6_native": false,
            "map_customer_owned_ip_on_launch": false,
            "map_public_ip_on_launch": true,
            "outpost_arn": "",
            "owner_id": "440744220049",
            "private_dns_hostname_type_on_launch": "ip-name",
            "tags": {
              "Dev": "Alejandro",
              "Env": "Lab4",
              "Name": "vpc-lab4"
            },
            "tags_all": {
              "Dev": "Alejandro",
              "Env": "Lab4",
              "Name": "vpc-lab4"
            },
            "timeouts": null,
            "vpc_id": "vpc-06e6b26fa86f1fe9c"
          },
          "sensitive_attributes": [],
          "private": "eyJlMmJmYjczMC1lY2FhLTExZTYtOGY4OC0zNDM2M2JjN2M0YzAiOnsiY3JlYXRlIjo2MDAwMDAwMDAwMDAsImRlbGV0ZSI6MTIwMDAwMDAwMDAwMH0sInNjaGVtYV92ZXJzaW9uIjoiMSJ9",
          "dependencies": [
            "aws_vpc.main"
          ]
        }
      ]
    },
    {
      "mode": "managed",
      "type": "aws_vpc",
      "name": "backup",
      "provider": "provider[\"registry.terraform.io/hashicorp/aws\"]",
      "instances": [
        {
          "schema_version": 1,
          "attributes": {
            "arn": "arn:aws:ec2:us-east-1:440744220049:vpc/vpc-09934b9b0ee992396",
            "assign_generated_ipv6_cidr_block": false,
            "cidr_block": "10.1.0.0/16",
            "default_network_acl_id": "acl-0e447cfcfc44eae2d",
            "default_route_table_id": "rtb-06e821e635461d1b2",
            "default_security_group_id": "sg-09170117a104f2e4a",
            "dhcp_options_id": "dopt-002234510615d01f5",
            "enable_dns_hostnames": true,
            "enable_dns_support": true,
            "enable_network_address_usage_metrics": false,
            "id": "vpc-09934b9b0ee992396",
            "instance_tenancy": "default",
            "ipv4_ipam_pool_id": null,
            "ipv4_netmask_length": null,
            "ipv6_association_id": "",
            "ipv6_cidr_block": "",
            "ipv6_cidr_block_network_border_group": "",
            "ipv6_ipam_pool_id": "",
            "ipv6_netmask_length": 0,
            "main_route_table_id": "rtb-06e821e635461d1b2",
            "owner_id": "440744220049",
            "tags": {
              "Dev": "Alejandro",
              "Env": "Backup",
              "Name": "vpc-backup"
            },
            "tags_all": {
              "Dev": "Alejandro",
              "Env": "Backup",
              "Name": "vpc-backup"
            }
          },
          "sensitive_attributes": [],
          "private": "eyJzY2hlbWFfdmVyc2lvbiI6IjEifQ=="
        }
      ]
    },
    {
      "mode": "managed",
      "type": "aws_vpc",
      "name": "main",
      "provider": "provider[\"registry.terraform.io/hashicorp/aws\"]",
      "instances": [
        {
          "schema_version": 1,
          "attributes": {
            "arn": "arn:aws:ec2:us-east-1:440744220049:vpc/vpc-06e6b26fa86f1fe9c",
            "assign_generated_ipv6_cidr_block": false,
            "cidr_block": "10.0.0.0/16",
            "default_network_acl_id": "acl-0e31f0d0c74c48eea",
            "default_route_table_id": "rtb-03e101ff39613c7d8",
            "default_security_group_id": "sg-09b2835521b1bd23c",
            "dhcp_options_id": "dopt-002234510615d01f5",
            "enable_dns_hostnames": true,
            "enable_dns_support": true,
            "enable_network_address_usage_metrics": false,
            "id": "vpc-06e6b26fa86f1fe9c",
            "instance_tenancy": "default",
            "ipv4_ipam_pool_id": null,
            "ipv4_netmask_length": null,
            "ipv6_association_id": "",
            "ipv6_cidr_block": "",
            "ipv6_cidr_block_network_border_group": "",
            "ipv6_ipam_pool_id": "",
            "ipv6_netmask_length": 0,
            "main_route_table_id": "rtb-03e101ff39613c7d8",
            "owner_id": "440744220049",
            "tags": {
              "Dev": "Alejandro",
              "Env": "Lab4",
              "Name": "vpc-lab4"
            },
            "tags_all": {
              "Dev": "Alejandro",
              "Env": "Lab4",
              "Name": "vpc-lab4"
            }
          },
          "sensitive_attributes": [],
          "private": "eyJzY2hlbWFfdmVyc2lvbiI6IjEifQ=="
        }
      ]
    },
    {
      "mode": "managed",
      "type": "aws_vpc_peering_connection",
      "name": "vpc_peering_backup",
      "provider": "provider[\"registry.terraform.io/hashicorp/aws\"]",
      "instances": [
        {
          "schema_version": 0,
          "attributes": {
            "accept_status": "active",
            "accepter": [
              {
                "allow_remote_vpc_dns_resolution": false
              }
            ],
            "auto_accept": true,
            "id": "pcx-0cf96db3f58a294a1",
            "peer_owner_id": "440744220049",
            "peer_region": "us-east-1",
            "peer_vpc_id": "vpc-09934b9b0ee992396",
            "requester": [
              {
                "allow_remote_vpc_dns_resolution": false
              }
            ],
            "tags": {
              "Dev": "Alejandro",
              "Env": "Backup",
              "Name": "vpc-peering-connection-backup"
            },
            "tags_all": {
              "Dev": "Alejandro",
              "Env": "Backup",
              "Name": "vpc-peering-connection-backup"
            },
            "timeouts": null,
            "vpc_id": "vpc-06e6b26fa86f1fe9c"
          },
          "sensitive_attributes": [],
          "private": "eyJlMmJmYjczMC1lY2FhLTExZTYtOGY4OC0zNDM2M2JjN2M0YzAiOnsiY3JlYXRlIjo2MDAwMDAwMDAwMCwiZGVsZXRlIjo2MDAwMDAwMDAwMCwidXBkYXRlIjo2MDAwMDAwMDAwMH19",
          "dependencies": [
            "aws_vpc.backup",
            "aws_vpc.main"
          ]
        }
      ]
    }
  ],
  "check_results": null
}
